// !$*UTF8*$!
{
	archiveVersion = 1;
	classes = {
	};
	objectVersion = 50;
	objects = {

/* Begin PBXBuildFile section */
		2483C83B242605F40069B067 /* LaunchScreen.storyboard in Resources */ = {isa = PBXBuildFile; fileRef = 2483C839242605F40069B067 /* LaunchScreen.storyboard */; };
		2483C851242605F40069B067 /* excelsiorUITests.swift in Sources */ = {isa = PBXBuildFile; fileRef = 2483C850242605F40069B067 /* excelsiorUITests.swift */; };
		2483C86C2426080D0069B067 /* AppCoreKit.framework in Frameworks */ = {isa = PBXBuildFile; fileRef = 2483C8632426080D0069B067 /* AppCoreKit.framework */; };
		2483C8732426080D0069B067 /* AppCoreKitTests.swift in Sources */ = {isa = PBXBuildFile; fileRef = 2483C8722426080D0069B067 /* AppCoreKitTests.swift */; };
		2483C8752426080D0069B067 /* AppCoreKit.h in Headers */ = {isa = PBXBuildFile; fileRef = 2483C8652426080D0069B067 /* AppCoreKit.h */; settings = {ATTRIBUTES = (Public, ); }; };
		2483C8782426080D0069B067 /* AppCoreKit.framework in Frameworks */ = {isa = PBXBuildFile; fileRef = 2483C8632426080D0069B067 /* AppCoreKit.framework */; };
		2483C8792426080D0069B067 /* AppCoreKit.framework in Embed Frameworks */ = {isa = PBXBuildFile; fileRef = 2483C8632426080D0069B067 /* AppCoreKit.framework */; settings = {ATTRIBUTES = (CodeSignOnCopy, RemoveHeadersOnCopy, ); }; };
		24C1398F24260BD700AF4B68 /* AppDelegate.swift in Sources */ = {isa = PBXBuildFile; fileRef = 2483C82E242605F20069B067 /* AppDelegate.swift */; };
		24C1399D24260E6C00AF4B68 /* main.swift in Sources */ = {isa = PBXBuildFile; fileRef = 24C1399C24260E6C00AF4B68 /* main.swift */; };
		24C139A32426160500AF4B68 /* Assets.xcassets in Resources */ = {isa = PBXBuildFile; fileRef = 2483C837242605F40069B067 /* Assets.xcassets */; };
		24C139B72426370C00AF4B68 /* CharactersListKit.framework in Frameworks */ = {isa = PBXBuildFile; fileRef = 24C139AE2426370C00AF4B68 /* CharactersListKit.framework */; };
		24C139BE2426370C00AF4B68 /* CharactersListKitTests.swift in Sources */ = {isa = PBXBuildFile; fileRef = 24C139BD2426370C00AF4B68 /* CharactersListKitTests.swift */; };
		24C139C02426370C00AF4B68 /* CharactersListKit.h in Headers */ = {isa = PBXBuildFile; fileRef = 24C139B02426370C00AF4B68 /* CharactersListKit.h */; settings = {ATTRIBUTES = (Public, ); }; };
		24C139C32426370C00AF4B68 /* CharactersListKit.framework in Frameworks */ = {isa = PBXBuildFile; fileRef = 24C139AE2426370C00AF4B68 /* CharactersListKit.framework */; };
		24C139C42426370C00AF4B68 /* CharactersListKit.framework in Embed Frameworks */ = {isa = PBXBuildFile; fileRef = 24C139AE2426370C00AF4B68 /* CharactersListKit.framework */; settings = {ATTRIBUTES = (CodeSignOnCopy, RemoveHeadersOnCopy, ); }; };
		24C139CD2426377A00AF4B68 /* AppCoreKitAssembly.swift in Sources */ = {isa = PBXBuildFile; fileRef = 24C139CC2426377A00AF4B68 /* AppCoreKitAssembly.swift */; };
		24C139D12426395300AF4B68 /* AppLaunchCoordinator.swift in Sources */ = {isa = PBXBuildFile; fileRef = 24C139D02426395300AF4B68 /* AppLaunchCoordinator.swift */; };
		24C139E0242660F800AF4B68 /* NavigatorKit.framework in Frameworks */ = {isa = PBXBuildFile; fileRef = 24C139D7242660F800AF4B68 /* NavigatorKit.framework */; };
		24C139E7242660F800AF4B68 /* NavigatorKitTests.swift in Sources */ = {isa = PBXBuildFile; fileRef = 24C139E6242660F800AF4B68 /* NavigatorKitTests.swift */; };
		24C139E9242660F800AF4B68 /* NavigatorKit.h in Headers */ = {isa = PBXBuildFile; fileRef = 24C139D9242660F800AF4B68 /* NavigatorKit.h */; settings = {ATTRIBUTES = (Public, ); }; };
		24C139EC242660F800AF4B68 /* NavigatorKit.framework in Frameworks */ = {isa = PBXBuildFile; fileRef = 24C139D7242660F800AF4B68 /* NavigatorKit.framework */; };
		24C139ED242660F800AF4B68 /* NavigatorKit.framework in Embed Frameworks */ = {isa = PBXBuildFile; fileRef = 24C139D7242660F800AF4B68 /* NavigatorKit.framework */; settings = {ATTRIBUTES = (CodeSignOnCopy, RemoveHeadersOnCopy, ); }; };
		24C139F72426612900AF4B68 /* Navigator.swift in Sources */ = {isa = PBXBuildFile; fileRef = 24C139F62426612900AF4B68 /* Navigator.swift */; };
		24C139F9242661AF00AF4B68 /* Navigation.swift in Sources */ = {isa = PBXBuildFile; fileRef = 24C139F8242661AF00AF4B68 /* Navigation.swift */; };
		24C139FB242661C700AF4B68 /* Screen.swift in Sources */ = {isa = PBXBuildFile; fileRef = 24C139FA242661C700AF4B68 /* Screen.swift */; };
		24C139FD2426698000AF4B68 /* NavigatorKitAssembly.swift in Sources */ = {isa = PBXBuildFile; fileRef = 24C139FC2426698000AF4B68 /* NavigatorKitAssembly.swift */; };
		24C13A0024266B7B00AF4B68 /* CharactersListKitAssembly.swift in Sources */ = {isa = PBXBuildFile; fileRef = 24C139FF24266B7B00AF4B68 /* CharactersListKitAssembly.swift */; };
		24C13A0624266C3500AF4B68 /* CharactersListContainerViewController.swift in Sources */ = {isa = PBXBuildFile; fileRef = 24C13A0524266C3500AF4B68 /* CharactersListContainerViewController.swift */; };
		24C13A0824266CA900AF4B68 /* CharactersListScreen.swift in Sources */ = {isa = PBXBuildFile; fileRef = 24C13A0724266CA900AF4B68 /* CharactersListScreen.swift */; };
		24C13A0A24266FB800AF4B68 /* CharactersListContainerPresenter.swift in Sources */ = {isa = PBXBuildFile; fileRef = 24C13A0924266FB800AF4B68 /* CharactersListContainerPresenter.swift */; };
		24C13A0E242673DB00AF4B68 /* CharactersListContainerView.swift in Sources */ = {isa = PBXBuildFile; fileRef = 24C13A0D242673DB00AF4B68 /* CharactersListContainerView.swift */; };
		24C13A112426744900AF4B68 /* CharactersListState.swift in Sources */ = {isa = PBXBuildFile; fileRef = 24C13A102426744900AF4B68 /* CharactersListState.swift */; };
		24C13A152426793400AF4B68 /* CharactersListContainer.storyboard in Resources */ = {isa = PBXBuildFile; fileRef = 24C13A142426793400AF4B68 /* CharactersListContainer.storyboard */; };
		24C13A1724267F4A00AF4B68 /* CharactersListViewControllerFactory.swift in Sources */ = {isa = PBXBuildFile; fileRef = 24C13A1624267F4A00AF4B68 /* CharactersListViewControllerFactory.swift */; };
		24C13A282426824800AF4B68 /* CommonUIKit.framework in Frameworks */ = {isa = PBXBuildFile; fileRef = 24C13A1F2426824800AF4B68 /* CommonUIKit.framework */; };
		24C13A2F2426824800AF4B68 /* CommonUIKitTests.swift in Sources */ = {isa = PBXBuildFile; fileRef = 24C13A2E2426824800AF4B68 /* CommonUIKitTests.swift */; };
		24C13A312426824800AF4B68 /* CommonUIKit.h in Headers */ = {isa = PBXBuildFile; fileRef = 24C13A212426824800AF4B68 /* CommonUIKit.h */; settings = {ATTRIBUTES = (Public, ); }; };
		24C13A342426824800AF4B68 /* CommonUIKit.framework in Frameworks */ = {isa = PBXBuildFile; fileRef = 24C13A1F2426824800AF4B68 /* CommonUIKit.framework */; };
		24C13A352426824800AF4B68 /* CommonUIKit.framework in Embed Frameworks */ = {isa = PBXBuildFile; fileRef = 24C13A1F2426824800AF4B68 /* CommonUIKit.framework */; settings = {ATTRIBUTES = (CodeSignOnCopy, RemoveHeadersOnCopy, ); }; };
		24C13A41242682B300AF4B68 /* LoadingViewController.swift in Sources */ = {isa = PBXBuildFile; fileRef = 24C13A3F242682B200AF4B68 /* LoadingViewController.swift */; };
		24C13A42242682B300AF4B68 /* LoadingViewController.xib in Resources */ = {isa = PBXBuildFile; fileRef = 24C13A40242682B200AF4B68 /* LoadingViewController.xib */; };
		24C13A442426848B00AF4B68 /* CommonUIKitAssembly.swift in Sources */ = {isa = PBXBuildFile; fileRef = 24C13A432426848B00AF4B68 /* CommonUIKitAssembly.swift */; };
		24C13A462426858000AF4B68 /* Images.xcassets in Resources */ = {isa = PBXBuildFile; fileRef = 24C13A452426858000AF4B68 /* Images.xcassets */; };
		24C13A5024268E8F00AF4B68 /* Models.h in Headers */ = {isa = PBXBuildFile; fileRef = 24C13A4E24268E8F00AF4B68 /* Models.h */; settings = {ATTRIBUTES = (Public, ); }; };
		24C13A5324268E8F00AF4B68 /* DataProviders.framework in Frameworks */ = {isa = PBXBuildFile; fileRef = 24C13A4C24268E8F00AF4B68 /* DataProviders.framework */; };
		24C13A5424268E8F00AF4B68 /* DataProviders.framework in Embed Frameworks */ = {isa = PBXBuildFile; fileRef = 24C13A4C24268E8F00AF4B68 /* DataProviders.framework */; settings = {ATTRIBUTES = (CodeSignOnCopy, RemoveHeadersOnCopy, ); }; };
		24C13A5B242691E400AF4B68 /* Character.swift in Sources */ = {isa = PBXBuildFile; fileRef = 24C13A5A242691E400AF4B68 /* Character.swift */; };
		24C13A5F2426924000AF4B68 /* CharacterRepository.swift in Sources */ = {isa = PBXBuildFile; fileRef = 24C13A5E2426924000AF4B68 /* CharacterRepository.swift */; };
		24C13A612426935A00AF4B68 /* CharacterRepositoryError.swift in Sources */ = {isa = PBXBuildFile; fileRef = 24C13A602426935A00AF4B68 /* CharacterRepositoryError.swift */; };
		24C13A652426943400AF4B68 /* CharacterService.swift in Sources */ = {isa = PBXBuildFile; fileRef = 24C13A642426943400AF4B68 /* CharacterService.swift */; };
		24C13A67242694D700AF4B68 /* DataProvidersAssembly.swift in Sources */ = {isa = PBXBuildFile; fileRef = 24C13A66242694D700AF4B68 /* DataProvidersAssembly.swift */; };
		24C13A6A2426B23700AF4B68 /* GetCharacters.swift in Sources */ = {isa = PBXBuildFile; fileRef = 24C13A692426B23700AF4B68 /* GetCharacters.swift */; };
		24C13A872426BFE100AF4B68 /* ToolsKit.h in Headers */ = {isa = PBXBuildFile; fileRef = 24C13A852426BFE100AF4B68 /* ToolsKit.h */; settings = {ATTRIBUTES = (Public, ); }; };
		24C13A8A2426BFE100AF4B68 /* ToolsKit.framework in Frameworks */ = {isa = PBXBuildFile; fileRef = 24C13A832426BFE100AF4B68 /* ToolsKit.framework */; };
		24C13A8B2426BFE100AF4B68 /* ToolsKit.framework in Embed Frameworks */ = {isa = PBXBuildFile; fileRef = 24C13A832426BFE100AF4B68 /* ToolsKit.framework */; settings = {ATTRIBUTES = (CodeSignOnCopy, RemoveHeadersOnCopy, ); }; };
		24C13A922426C04A00AF4B68 /* FullySynchronousScheduler.swift in Sources */ = {isa = PBXBuildFile; fileRef = 24C13A7A2426BD1B00AF4B68 /* FullySynchronousScheduler.swift */; };
		24C13A932426C04A00AF4B68 /* FullySynchronousSchedulerFactory.swift in Sources */ = {isa = PBXBuildFile; fileRef = 24C13A7C2426BE9600AF4B68 /* FullySynchronousSchedulerFactory.swift */; };
		24C13A942426C04A00AF4B68 /* GCDScheduler.swift in Sources */ = {isa = PBXBuildFile; fileRef = 24C13A772426B8FD00AF4B68 /* GCDScheduler.swift */; };
		24C13A952426C04A00AF4B68 /* GCDSchedulerFactory.swift in Sources */ = {isa = PBXBuildFile; fileRef = 24C13A752426B8D700AF4B68 /* GCDSchedulerFactory.swift */; };
		24C13A962426C04A00AF4B68 /* SchedulerFactory.swift in Sources */ = {isa = PBXBuildFile; fileRef = 24C13A6D2426B6E600AF4B68 /* SchedulerFactory.swift */; };
		24C13A972426C04A00AF4B68 /* Scheduler.swift in Sources */ = {isa = PBXBuildFile; fileRef = 24C13A6F2426B77B00AF4B68 /* Scheduler.swift */; };
/* End PBXBuildFile section */

/* Begin PBXContainerItemProxy section */
		2483C84D242605F40069B067 /* PBXContainerItemProxy */ = {
			isa = PBXContainerItemProxy;
			containerPortal = 2483C823242605F20069B067 /* Project object */;
			proxyType = 1;
			remoteGlobalIDString = 2483C82A242605F20069B067;
			remoteInfo = excelsior;
		};
		2483C86D2426080D0069B067 /* PBXContainerItemProxy */ = {
			isa = PBXContainerItemProxy;
			containerPortal = 2483C823242605F20069B067 /* Project object */;
			proxyType = 1;
			remoteGlobalIDString = 2483C8622426080D0069B067;
			remoteInfo = AppCoreKit;
		};
		2483C86F2426080D0069B067 /* PBXContainerItemProxy */ = {
			isa = PBXContainerItemProxy;
			containerPortal = 2483C823242605F20069B067 /* Project object */;
			proxyType = 1;
			remoteGlobalIDString = 2483C82A242605F20069B067;
			remoteInfo = excelsior;
		};
		2483C8762426080D0069B067 /* PBXContainerItemProxy */ = {
			isa = PBXContainerItemProxy;
			containerPortal = 2483C823242605F20069B067 /* Project object */;
			proxyType = 1;
			remoteGlobalIDString = 2483C8622426080D0069B067;
			remoteInfo = AppCoreKit;
		};
		24C139B82426370C00AF4B68 /* PBXContainerItemProxy */ = {
			isa = PBXContainerItemProxy;
			containerPortal = 2483C823242605F20069B067 /* Project object */;
			proxyType = 1;
			remoteGlobalIDString = 24C139AD2426370C00AF4B68;
			remoteInfo = CharactersListKit;
		};
		24C139BA2426370C00AF4B68 /* PBXContainerItemProxy */ = {
			isa = PBXContainerItemProxy;
			containerPortal = 2483C823242605F20069B067 /* Project object */;
			proxyType = 1;
			remoteGlobalIDString = 2483C82A242605F20069B067;
			remoteInfo = excelsior;
		};
		24C139C12426370C00AF4B68 /* PBXContainerItemProxy */ = {
			isa = PBXContainerItemProxy;
			containerPortal = 2483C823242605F20069B067 /* Project object */;
			proxyType = 1;
			remoteGlobalIDString = 24C139AD2426370C00AF4B68;
			remoteInfo = CharactersListKit;
		};
		24C139E1242660F800AF4B68 /* PBXContainerItemProxy */ = {
			isa = PBXContainerItemProxy;
			containerPortal = 2483C823242605F20069B067 /* Project object */;
			proxyType = 1;
			remoteGlobalIDString = 24C139D6242660F800AF4B68;
			remoteInfo = NavigatorKit;
		};
		24C139E3242660F800AF4B68 /* PBXContainerItemProxy */ = {
			isa = PBXContainerItemProxy;
			containerPortal = 2483C823242605F20069B067 /* Project object */;
			proxyType = 1;
			remoteGlobalIDString = 2483C82A242605F20069B067;
			remoteInfo = excelsior;
		};
		24C139EA242660F800AF4B68 /* PBXContainerItemProxy */ = {
			isa = PBXContainerItemProxy;
			containerPortal = 2483C823242605F20069B067 /* Project object */;
			proxyType = 1;
			remoteGlobalIDString = 24C139D6242660F800AF4B68;
			remoteInfo = NavigatorKit;
		};
		24C13A292426824800AF4B68 /* PBXContainerItemProxy */ = {
			isa = PBXContainerItemProxy;
			containerPortal = 2483C823242605F20069B067 /* Project object */;
			proxyType = 1;
			remoteGlobalIDString = 24C13A1E2426824800AF4B68;
			remoteInfo = CommonUIKit;
		};
		24C13A2B2426824800AF4B68 /* PBXContainerItemProxy */ = {
			isa = PBXContainerItemProxy;
			containerPortal = 2483C823242605F20069B067 /* Project object */;
			proxyType = 1;
			remoteGlobalIDString = 2483C82A242605F20069B067;
			remoteInfo = excelsior;
		};
		24C13A322426824800AF4B68 /* PBXContainerItemProxy */ = {
			isa = PBXContainerItemProxy;
			containerPortal = 2483C823242605F20069B067 /* Project object */;
			proxyType = 1;
			remoteGlobalIDString = 24C13A1E2426824800AF4B68;
			remoteInfo = CommonUIKit;
		};
		24C13A5124268E8F00AF4B68 /* PBXContainerItemProxy */ = {
			isa = PBXContainerItemProxy;
			containerPortal = 2483C823242605F20069B067 /* Project object */;
			proxyType = 1;
			remoteGlobalIDString = 24C13A4B24268E8F00AF4B68;
			remoteInfo = Models;
		};
		24C13A882426BFE100AF4B68 /* PBXContainerItemProxy */ = {
			isa = PBXContainerItemProxy;
			containerPortal = 2483C823242605F20069B067 /* Project object */;
			proxyType = 1;
			remoteGlobalIDString = 24C13A822426BFE100AF4B68;
			remoteInfo = ToolsKit;
		};
/* End PBXContainerItemProxy section */

/* Begin PBXCopyFilesBuildPhase section */
		2483C87D2426080D0069B067 /* Embed Frameworks */ = {
			isa = PBXCopyFilesBuildPhase;
			buildActionMask = 2147483647;
			dstPath = "";
			dstSubfolderSpec = 10;
			files = (
				24C13A352426824800AF4B68 /* CommonUIKit.framework in Embed Frameworks */,
				2483C8792426080D0069B067 /* AppCoreKit.framework in Embed Frameworks */,
				24C13A5424268E8F00AF4B68 /* DataProviders.framework in Embed Frameworks */,
				24C13A8B2426BFE100AF4B68 /* ToolsKit.framework in Embed Frameworks */,
				24C139C42426370C00AF4B68 /* CharactersListKit.framework in Embed Frameworks */,
				24C139ED242660F800AF4B68 /* NavigatorKit.framework in Embed Frameworks */,
			);
			name = "Embed Frameworks";
			runOnlyForDeploymentPostprocessing = 0;
		};
/* End PBXCopyFilesBuildPhase section */

/* Begin PBXFileReference section */
		2483C82B242605F20069B067 /* excelsior.app */ = {isa = PBXFileReference; explicitFileType = wrapper.application; includeInIndex = 0; path = excelsior.app; sourceTree = BUILT_PRODUCTS_DIR; };
		2483C82E242605F20069B067 /* AppDelegate.swift */ = {isa = PBXFileReference; lastKnownFileType = sourcecode.swift; path = AppDelegate.swift; sourceTree = "<group>"; };
		2483C837242605F40069B067 /* Assets.xcassets */ = {isa = PBXFileReference; lastKnownFileType = folder.assetcatalog; path = Assets.xcassets; sourceTree = "<group>"; };
		2483C83A242605F40069B067 /* Base */ = {isa = PBXFileReference; lastKnownFileType = file.storyboard; name = Base; path = Base.lproj/LaunchScreen.storyboard; sourceTree = "<group>"; };
		2483C83C242605F40069B067 /* Info.plist */ = {isa = PBXFileReference; lastKnownFileType = text.plist.xml; path = Info.plist; sourceTree = "<group>"; };
		2483C84C242605F40069B067 /* excelsiorUITests.xctest */ = {isa = PBXFileReference; explicitFileType = wrapper.cfbundle; includeInIndex = 0; path = excelsiorUITests.xctest; sourceTree = BUILT_PRODUCTS_DIR; };
		2483C850242605F40069B067 /* excelsiorUITests.swift */ = {isa = PBXFileReference; lastKnownFileType = sourcecode.swift; path = excelsiorUITests.swift; sourceTree = "<group>"; };
		2483C852242605F40069B067 /* Info.plist */ = {isa = PBXFileReference; lastKnownFileType = text.plist.xml; path = Info.plist; sourceTree = "<group>"; };
		2483C8632426080D0069B067 /* AppCoreKit.framework */ = {isa = PBXFileReference; explicitFileType = wrapper.framework; includeInIndex = 0; path = AppCoreKit.framework; sourceTree = BUILT_PRODUCTS_DIR; };
		2483C8652426080D0069B067 /* AppCoreKit.h */ = {isa = PBXFileReference; lastKnownFileType = sourcecode.c.h; path = AppCoreKit.h; sourceTree = "<group>"; };
		2483C86B2426080D0069B067 /* AppCoreKitTests.xctest */ = {isa = PBXFileReference; explicitFileType = wrapper.cfbundle; includeInIndex = 0; path = AppCoreKitTests.xctest; sourceTree = BUILT_PRODUCTS_DIR; };
		2483C8722426080D0069B067 /* AppCoreKitTests.swift */ = {isa = PBXFileReference; lastKnownFileType = sourcecode.swift; path = AppCoreKitTests.swift; sourceTree = "<group>"; };
		2483C8742426080D0069B067 /* Info.plist */ = {isa = PBXFileReference; lastKnownFileType = text.plist.xml; path = Info.plist; sourceTree = "<group>"; };
		24C1399224260C0700AF4B68 /* Doc */ = {isa = PBXFileReference; lastKnownFileType = folder; path = Doc; sourceTree = "<group>"; };
		24C1399324260C1300AF4B68 /* README.md */ = {isa = PBXFileReference; lastKnownFileType = net.daringfireball.markdown; path = README.md; sourceTree = "<group>"; };
		24C1399424260C1B00AF4B68 /* LICENSE */ = {isa = PBXFileReference; lastKnownFileType = text; path = LICENSE; sourceTree = "<group>"; };
		24C1399B24260E6B00AF4B68 /* excelsior-Bridging-Header.h */ = {isa = PBXFileReference; lastKnownFileType = sourcecode.c.h; path = "excelsior-Bridging-Header.h"; sourceTree = "<group>"; };
		24C1399C24260E6C00AF4B68 /* main.swift */ = {isa = PBXFileReference; lastKnownFileType = sourcecode.swift; path = main.swift; sourceTree = "<group>"; };
		24C139A12426109200AF4B68 /* Info.plist */ = {isa = PBXFileReference; fileEncoding = 4; lastKnownFileType = text.plist.xml; path = Info.plist; sourceTree = "<group>"; };
		24C139A52426179100AF4B68 /* en */ = {isa = PBXFileReference; lastKnownFileType = text.plist.strings; name = en; path = en.lproj/LaunchScreen.strings; sourceTree = "<group>"; };
		24C139AE2426370C00AF4B68 /* CharactersListKit.framework */ = {isa = PBXFileReference; explicitFileType = wrapper.framework; includeInIndex = 0; path = CharactersListKit.framework; sourceTree = BUILT_PRODUCTS_DIR; };
		24C139B02426370C00AF4B68 /* CharactersListKit.h */ = {isa = PBXFileReference; lastKnownFileType = sourcecode.c.h; path = CharactersListKit.h; sourceTree = "<group>"; };
		24C139B12426370C00AF4B68 /* Info.plist */ = {isa = PBXFileReference; lastKnownFileType = text.plist.xml; path = Info.plist; sourceTree = "<group>"; };
		24C139B62426370C00AF4B68 /* CharactersListKitTests.xctest */ = {isa = PBXFileReference; explicitFileType = wrapper.cfbundle; includeInIndex = 0; path = CharactersListKitTests.xctest; sourceTree = BUILT_PRODUCTS_DIR; };
		24C139BD2426370C00AF4B68 /* CharactersListKitTests.swift */ = {isa = PBXFileReference; lastKnownFileType = sourcecode.swift; path = CharactersListKitTests.swift; sourceTree = "<group>"; };
		24C139BF2426370C00AF4B68 /* Info.plist */ = {isa = PBXFileReference; lastKnownFileType = text.plist.xml; path = Info.plist; sourceTree = "<group>"; };
		24C139CC2426377A00AF4B68 /* AppCoreKitAssembly.swift */ = {isa = PBXFileReference; lastKnownFileType = sourcecode.swift; path = AppCoreKitAssembly.swift; sourceTree = "<group>"; };
		24C139D02426395300AF4B68 /* AppLaunchCoordinator.swift */ = {isa = PBXFileReference; lastKnownFileType = sourcecode.swift; path = AppLaunchCoordinator.swift; sourceTree = "<group>"; };
		24C139D7242660F800AF4B68 /* NavigatorKit.framework */ = {isa = PBXFileReference; explicitFileType = wrapper.framework; includeInIndex = 0; path = NavigatorKit.framework; sourceTree = BUILT_PRODUCTS_DIR; };
		24C139D9242660F800AF4B68 /* NavigatorKit.h */ = {isa = PBXFileReference; lastKnownFileType = sourcecode.c.h; path = NavigatorKit.h; sourceTree = "<group>"; };
		24C139DA242660F800AF4B68 /* Info.plist */ = {isa = PBXFileReference; lastKnownFileType = text.plist.xml; path = Info.plist; sourceTree = "<group>"; };
		24C139DF242660F800AF4B68 /* NavigatorKitTests.xctest */ = {isa = PBXFileReference; explicitFileType = wrapper.cfbundle; includeInIndex = 0; path = NavigatorKitTests.xctest; sourceTree = BUILT_PRODUCTS_DIR; };
		24C139E6242660F800AF4B68 /* NavigatorKitTests.swift */ = {isa = PBXFileReference; lastKnownFileType = sourcecode.swift; path = NavigatorKitTests.swift; sourceTree = "<group>"; };
		24C139E8242660F800AF4B68 /* Info.plist */ = {isa = PBXFileReference; lastKnownFileType = text.plist.xml; path = Info.plist; sourceTree = "<group>"; };
		24C139F62426612900AF4B68 /* Navigator.swift */ = {isa = PBXFileReference; lastKnownFileType = sourcecode.swift; path = Navigator.swift; sourceTree = "<group>"; };
		24C139F8242661AF00AF4B68 /* Navigation.swift */ = {isa = PBXFileReference; lastKnownFileType = sourcecode.swift; path = Navigation.swift; sourceTree = "<group>"; };
		24C139FA242661C700AF4B68 /* Screen.swift */ = {isa = PBXFileReference; lastKnownFileType = sourcecode.swift; path = Screen.swift; sourceTree = "<group>"; };
		24C139FC2426698000AF4B68 /* NavigatorKitAssembly.swift */ = {isa = PBXFileReference; lastKnownFileType = sourcecode.swift; path = NavigatorKitAssembly.swift; sourceTree = "<group>"; };
		24C139FF24266B7B00AF4B68 /* CharactersListKitAssembly.swift */ = {isa = PBXFileReference; lastKnownFileType = sourcecode.swift; path = CharactersListKitAssembly.swift; sourceTree = "<group>"; };
		24C13A0524266C3500AF4B68 /* CharactersListContainerViewController.swift */ = {isa = PBXFileReference; lastKnownFileType = sourcecode.swift; path = CharactersListContainerViewController.swift; sourceTree = "<group>"; };
		24C13A0724266CA900AF4B68 /* CharactersListScreen.swift */ = {isa = PBXFileReference; lastKnownFileType = sourcecode.swift; path = CharactersListScreen.swift; sourceTree = "<group>"; };
		24C13A0924266FB800AF4B68 /* CharactersListContainerPresenter.swift */ = {isa = PBXFileReference; lastKnownFileType = sourcecode.swift; path = CharactersListContainerPresenter.swift; sourceTree = "<group>"; };
		24C13A0D242673DB00AF4B68 /* CharactersListContainerView.swift */ = {isa = PBXFileReference; lastKnownFileType = sourcecode.swift; path = CharactersListContainerView.swift; sourceTree = "<group>"; };
		24C13A102426744900AF4B68 /* CharactersListState.swift */ = {isa = PBXFileReference; lastKnownFileType = sourcecode.swift; path = CharactersListState.swift; sourceTree = "<group>"; };
		24C13A142426793400AF4B68 /* CharactersListContainer.storyboard */ = {isa = PBXFileReference; lastKnownFileType = file.storyboard; path = CharactersListContainer.storyboard; sourceTree = "<group>"; };
		24C13A1624267F4A00AF4B68 /* CharactersListViewControllerFactory.swift */ = {isa = PBXFileReference; lastKnownFileType = sourcecode.swift; path = CharactersListViewControllerFactory.swift; sourceTree = "<group>"; };
		24C13A1F2426824800AF4B68 /* CommonUIKit.framework */ = {isa = PBXFileReference; explicitFileType = wrapper.framework; includeInIndex = 0; path = CommonUIKit.framework; sourceTree = BUILT_PRODUCTS_DIR; };
		24C13A212426824800AF4B68 /* CommonUIKit.h */ = {isa = PBXFileReference; lastKnownFileType = sourcecode.c.h; path = CommonUIKit.h; sourceTree = "<group>"; };
		24C13A222426824800AF4B68 /* Info.plist */ = {isa = PBXFileReference; lastKnownFileType = text.plist.xml; path = Info.plist; sourceTree = "<group>"; };
		24C13A272426824800AF4B68 /* CommonUIKitTests.xctest */ = {isa = PBXFileReference; explicitFileType = wrapper.cfbundle; includeInIndex = 0; path = CommonUIKitTests.xctest; sourceTree = BUILT_PRODUCTS_DIR; };
		24C13A2E2426824800AF4B68 /* CommonUIKitTests.swift */ = {isa = PBXFileReference; lastKnownFileType = sourcecode.swift; path = CommonUIKitTests.swift; sourceTree = "<group>"; };
		24C13A302426824800AF4B68 /* Info.plist */ = {isa = PBXFileReference; lastKnownFileType = text.plist.xml; path = Info.plist; sourceTree = "<group>"; };
		24C13A3F242682B200AF4B68 /* LoadingViewController.swift */ = {isa = PBXFileReference; lastKnownFileType = sourcecode.swift; path = LoadingViewController.swift; sourceTree = "<group>"; };
		24C13A40242682B200AF4B68 /* LoadingViewController.xib */ = {isa = PBXFileReference; lastKnownFileType = file.xib; path = LoadingViewController.xib; sourceTree = "<group>"; };
		24C13A432426848B00AF4B68 /* CommonUIKitAssembly.swift */ = {isa = PBXFileReference; lastKnownFileType = sourcecode.swift; path = CommonUIKitAssembly.swift; sourceTree = "<group>"; };
		24C13A452426858000AF4B68 /* Images.xcassets */ = {isa = PBXFileReference; lastKnownFileType = folder.assetcatalog; path = Images.xcassets; sourceTree = "<group>"; };
		24C13A4C24268E8F00AF4B68 /* DataProviders.framework */ = {isa = PBXFileReference; explicitFileType = wrapper.framework; includeInIndex = 0; path = DataProviders.framework; sourceTree = BUILT_PRODUCTS_DIR; };
		24C13A4E24268E8F00AF4B68 /* Models.h */ = {isa = PBXFileReference; lastKnownFileType = sourcecode.c.h; path = Models.h; sourceTree = "<group>"; };
		24C13A4F24268E8F00AF4B68 /* Info.plist */ = {isa = PBXFileReference; lastKnownFileType = text.plist.xml; path = Info.plist; sourceTree = "<group>"; };
		24C13A5A242691E400AF4B68 /* Character.swift */ = {isa = PBXFileReference; lastKnownFileType = sourcecode.swift; path = Character.swift; sourceTree = "<group>"; };
		24C13A5E2426924000AF4B68 /* CharacterRepository.swift */ = {isa = PBXFileReference; lastKnownFileType = sourcecode.swift; path = CharacterRepository.swift; sourceTree = "<group>"; };
		24C13A602426935A00AF4B68 /* CharacterRepositoryError.swift */ = {isa = PBXFileReference; lastKnownFileType = sourcecode.swift; path = CharacterRepositoryError.swift; sourceTree = "<group>"; };
		24C13A642426943400AF4B68 /* CharacterService.swift */ = {isa = PBXFileReference; lastKnownFileType = sourcecode.swift; path = CharacterService.swift; sourceTree = "<group>"; };
		24C13A66242694D700AF4B68 /* DataProvidersAssembly.swift */ = {isa = PBXFileReference; lastKnownFileType = sourcecode.swift; path = DataProvidersAssembly.swift; sourceTree = "<group>"; };
		24C13A692426B23700AF4B68 /* GetCharacters.swift */ = {isa = PBXFileReference; lastKnownFileType = sourcecode.swift; path = GetCharacters.swift; sourceTree = "<group>"; };
		24C13A6D2426B6E600AF4B68 /* SchedulerFactory.swift */ = {isa = PBXFileReference; lastKnownFileType = sourcecode.swift; path = SchedulerFactory.swift; sourceTree = "<group>"; };
		24C13A6F2426B77B00AF4B68 /* Scheduler.swift */ = {isa = PBXFileReference; lastKnownFileType = sourcecode.swift; path = Scheduler.swift; sourceTree = "<group>"; };
		24C13A752426B8D700AF4B68 /* GCDSchedulerFactory.swift */ = {isa = PBXFileReference; lastKnownFileType = sourcecode.swift; path = GCDSchedulerFactory.swift; sourceTree = "<group>"; };
		24C13A772426B8FD00AF4B68 /* GCDScheduler.swift */ = {isa = PBXFileReference; lastKnownFileType = sourcecode.swift; path = GCDScheduler.swift; sourceTree = "<group>"; };
		24C13A7A2426BD1B00AF4B68 /* FullySynchronousScheduler.swift */ = {isa = PBXFileReference; lastKnownFileType = sourcecode.swift; path = FullySynchronousScheduler.swift; sourceTree = "<group>"; };
		24C13A7C2426BE9600AF4B68 /* FullySynchronousSchedulerFactory.swift */ = {isa = PBXFileReference; lastKnownFileType = sourcecode.swift; path = FullySynchronousSchedulerFactory.swift; sourceTree = "<group>"; };
		24C13A832426BFE100AF4B68 /* ToolsKit.framework */ = {isa = PBXFileReference; explicitFileType = wrapper.framework; includeInIndex = 0; path = ToolsKit.framework; sourceTree = BUILT_PRODUCTS_DIR; };
		24C13A852426BFE100AF4B68 /* ToolsKit.h */ = {isa = PBXFileReference; lastKnownFileType = sourcecode.c.h; path = ToolsKit.h; sourceTree = "<group>"; };
		24C13A862426BFE100AF4B68 /* Info.plist */ = {isa = PBXFileReference; lastKnownFileType = text.plist.xml; path = Info.plist; sourceTree = "<group>"; };
/* End PBXFileReference section */

/* Begin PBXFrameworksBuildPhase section */
		2483C828242605F20069B067 /* Frameworks */ = {
			isa = PBXFrameworksBuildPhase;
			buildActionMask = 2147483647;
			files = (
				24C13A342426824800AF4B68 /* CommonUIKit.framework in Frameworks */,
				2483C8782426080D0069B067 /* AppCoreKit.framework in Frameworks */,
				24C13A5324268E8F00AF4B68 /* DataProviders.framework in Frameworks */,
				24C13A8A2426BFE100AF4B68 /* ToolsKit.framework in Frameworks */,
				24C139C32426370C00AF4B68 /* CharactersListKit.framework in Frameworks */,
				24C139EC242660F800AF4B68 /* NavigatorKit.framework in Frameworks */,
			);
			runOnlyForDeploymentPostprocessing = 0;
		};
		2483C849242605F40069B067 /* Frameworks */ = {
			isa = PBXFrameworksBuildPhase;
			buildActionMask = 2147483647;
			files = (
			);
			runOnlyForDeploymentPostprocessing = 0;
		};
		2483C8602426080D0069B067 /* Frameworks */ = {
			isa = PBXFrameworksBuildPhase;
			buildActionMask = 2147483647;
			files = (
			);
			runOnlyForDeploymentPostprocessing = 0;
		};
		2483C8682426080D0069B067 /* Frameworks */ = {
			isa = PBXFrameworksBuildPhase;
			buildActionMask = 2147483647;
			files = (
				2483C86C2426080D0069B067 /* AppCoreKit.framework in Frameworks */,
			);
			runOnlyForDeploymentPostprocessing = 0;
		};
		24C139AB2426370C00AF4B68 /* Frameworks */ = {
			isa = PBXFrameworksBuildPhase;
			buildActionMask = 2147483647;
			files = (
			);
			runOnlyForDeploymentPostprocessing = 0;
		};
		24C139B32426370C00AF4B68 /* Frameworks */ = {
			isa = PBXFrameworksBuildPhase;
			buildActionMask = 2147483647;
			files = (
				24C139B72426370C00AF4B68 /* CharactersListKit.framework in Frameworks */,
			);
			runOnlyForDeploymentPostprocessing = 0;
		};
		24C139D4242660F800AF4B68 /* Frameworks */ = {
			isa = PBXFrameworksBuildPhase;
			buildActionMask = 2147483647;
			files = (
			);
			runOnlyForDeploymentPostprocessing = 0;
		};
		24C139DC242660F800AF4B68 /* Frameworks */ = {
			isa = PBXFrameworksBuildPhase;
			buildActionMask = 2147483647;
			files = (
				24C139E0242660F800AF4B68 /* NavigatorKit.framework in Frameworks */,
			);
			runOnlyForDeploymentPostprocessing = 0;
		};
		24C13A1C2426824800AF4B68 /* Frameworks */ = {
			isa = PBXFrameworksBuildPhase;
			buildActionMask = 2147483647;
			files = (
			);
			runOnlyForDeploymentPostprocessing = 0;
		};
		24C13A242426824800AF4B68 /* Frameworks */ = {
			isa = PBXFrameworksBuildPhase;
			buildActionMask = 2147483647;
			files = (
				24C13A282426824800AF4B68 /* CommonUIKit.framework in Frameworks */,
			);
			runOnlyForDeploymentPostprocessing = 0;
		};
		24C13A4924268E8F00AF4B68 /* Frameworks */ = {
			isa = PBXFrameworksBuildPhase;
			buildActionMask = 2147483647;
			files = (
			);
			runOnlyForDeploymentPostprocessing = 0;
		};
		24C13A802426BFE100AF4B68 /* Frameworks */ = {
			isa = PBXFrameworksBuildPhase;
			buildActionMask = 2147483647;
			files = (
			);
			runOnlyForDeploymentPostprocessing = 0;
		};
/* End PBXFrameworksBuildPhase section */

/* Begin PBXGroup section */
		2483C822242605F20069B067 = {
			isa = PBXGroup;
			children = (
				24C1399324260C1300AF4B68 /* README.md */,
				24C1399424260C1B00AF4B68 /* LICENSE */,
				24C1399224260C0700AF4B68 /* Doc */,
				24C1399824260E0900AF4B68 /* Excelsior */,
				2483C8642426080D0069B067 /* AppCoreKit */,
				2483C8712426080D0069B067 /* AppCoreKitTests */,
				24C13A202426824800AF4B68 /* CommonUIKit */,
				24C13A2D2426824800AF4B68 /* CommonUIKitTests */,
				24C139AF2426370C00AF4B68 /* CharactersListKit */,
				24C139BC2426370C00AF4B68 /* CharactersListKitTests */,
				24C13A4D24268E8F00AF4B68 /* DataProviders */,
				2483C84F242605F40069B067 /* UITests */,
				24C139D8242660F800AF4B68 /* NavigatorKit */,
				24C139E5242660F800AF4B68 /* NavigatorKitTests */,
				24C13A842426BFE100AF4B68 /* ToolsKit */,
				2483C82C242605F20069B067 /* Products */,
			);
			sourceTree = "<group>";
		};
		2483C82C242605F20069B067 /* Products */ = {
			isa = PBXGroup;
			children = (
				2483C82B242605F20069B067 /* excelsior.app */,
				2483C84C242605F40069B067 /* excelsiorUITests.xctest */,
				2483C8632426080D0069B067 /* AppCoreKit.framework */,
				2483C86B2426080D0069B067 /* AppCoreKitTests.xctest */,
				24C139AE2426370C00AF4B68 /* CharactersListKit.framework */,
				24C139B62426370C00AF4B68 /* CharactersListKitTests.xctest */,
				24C139D7242660F800AF4B68 /* NavigatorKit.framework */,
				24C139DF242660F800AF4B68 /* NavigatorKitTests.xctest */,
				24C13A1F2426824800AF4B68 /* CommonUIKit.framework */,
				24C13A272426824800AF4B68 /* CommonUIKitTests.xctest */,
				24C13A4C24268E8F00AF4B68 /* DataProviders.framework */,
				24C13A832426BFE100AF4B68 /* ToolsKit.framework */,
			);
			name = Products;
			sourceTree = "<group>";
		};
		2483C84F242605F40069B067 /* UITests */ = {
			isa = PBXGroup;
			children = (
				2483C850242605F40069B067 /* excelsiorUITests.swift */,
				2483C852242605F40069B067 /* Info.plist */,
			);
			path = UITests;
			sourceTree = "<group>";
		};
		2483C8642426080D0069B067 /* AppCoreKit */ = {
			isa = PBXGroup;
			children = (
				24C139A624261EEA00AF4B68 /* Source */,
				24C139A724261F0100AF4B68 /* SupportFiles */,
			);
			path = AppCoreKit;
			sourceTree = "<group>";
		};
		2483C8712426080D0069B067 /* AppCoreKitTests */ = {
			isa = PBXGroup;
			children = (
				2483C8722426080D0069B067 /* AppCoreKitTests.swift */,
				2483C8742426080D0069B067 /* Info.plist */,
			);
			path = AppCoreKitTests;
			sourceTree = "<group>";
		};
		24C1399824260E0900AF4B68 /* Excelsior */ = {
			isa = PBXGroup;
			children = (
				24C1399924260E2A00AF4B68 /* Source */,
				24C1399A24260E3F00AF4B68 /* Resources */,
				24C139A02426109200AF4B68 /* SupportFiles */,
			);
			path = Excelsior;
			sourceTree = "<group>";
		};
		24C1399924260E2A00AF4B68 /* Source */ = {
			isa = PBXGroup;
			children = (
				24C1399C24260E6C00AF4B68 /* main.swift */,
				24C1399B24260E6B00AF4B68 /* excelsior-Bridging-Header.h */,
			);
			path = Source;
			sourceTree = "<group>";
		};
		24C1399A24260E3F00AF4B68 /* Resources */ = {
			isa = PBXGroup;
			children = (
				2483C837242605F40069B067 /* Assets.xcassets */,
				2483C839242605F40069B067 /* LaunchScreen.storyboard */,
			);
			path = Resources;
			sourceTree = "<group>";
		};
		24C139A02426109200AF4B68 /* SupportFiles */ = {
			isa = PBXGroup;
			children = (
				24C139A12426109200AF4B68 /* Info.plist */,
			);
			path = SupportFiles;
			sourceTree = "<group>";
		};
		24C139A624261EEA00AF4B68 /* Source */ = {
			isa = PBXGroup;
			children = (
				24C13A712426B7A000AF4B68 /* Common */,
				2483C8652426080D0069B067 /* AppCoreKit.h */,
				24C139CC2426377A00AF4B68 /* AppCoreKitAssembly.swift */,
				24C139CF2426394100AF4B68 /* AppDelegate */,
				24C139CE2426393300AF4B68 /* AppLaunchCoordinator */,
			);
			path = Source;
			sourceTree = "<group>";
		};
		24C139A724261F0100AF4B68 /* SupportFiles */ = {
			isa = PBXGroup;
			children = (
				2483C83C242605F40069B067 /* Info.plist */,
			);
			path = SupportFiles;
			sourceTree = "<group>";
		};
		24C139AF2426370C00AF4B68 /* CharactersListKit */ = {
			isa = PBXGroup;
			children = (
				24C139CB2426371E00AF4B68 /* Source */,
				24C13A0124266BF200AF4B68 /* Resources */,
				24C139FE24266B3700AF4B68 /* SupportFiles */,
			);
			path = CharactersListKit;
			sourceTree = "<group>";
		};
		24C139BC2426370C00AF4B68 /* CharactersListKitTests */ = {
			isa = PBXGroup;
			children = (
				24C139BD2426370C00AF4B68 /* CharactersListKitTests.swift */,
				24C139BF2426370C00AF4B68 /* Info.plist */,
			);
			path = CharactersListKitTests;
			sourceTree = "<group>";
		};
		24C139CB2426371E00AF4B68 /* Source */ = {
			isa = PBXGroup;
			children = (
				24C139B02426370C00AF4B68 /* CharactersListKit.h */,
				24C139FF24266B7B00AF4B68 /* CharactersListKitAssembly.swift */,
				24C13A0424266C0C00AF4B68 /* Presentation */,
				24C13A682426B20B00AF4B68 /* Interactors */,
			);
			path = Source;
			sourceTree = "<group>";
		};
		24C139CE2426393300AF4B68 /* AppLaunchCoordinator */ = {
			isa = PBXGroup;
			children = (
				24C139D02426395300AF4B68 /* AppLaunchCoordinator.swift */,
			);
			path = AppLaunchCoordinator;
			sourceTree = "<group>";
		};
		24C139CF2426394100AF4B68 /* AppDelegate */ = {
			isa = PBXGroup;
			children = (
				2483C82E242605F20069B067 /* AppDelegate.swift */,
			);
			path = AppDelegate;
			sourceTree = "<group>";
		};
		24C139D8242660F800AF4B68 /* NavigatorKit */ = {
			isa = PBXGroup;
			children = (
				24C139F42426610100AF4B68 /* Source */,
				24C139F52426611000AF4B68 /* SupportFiles */,
			);
			path = NavigatorKit;
			sourceTree = "<group>";
		};
		24C139E5242660F800AF4B68 /* NavigatorKitTests */ = {
			isa = PBXGroup;
			children = (
				24C139E6242660F800AF4B68 /* NavigatorKitTests.swift */,
				24C139E8242660F800AF4B68 /* Info.plist */,
			);
			path = NavigatorKitTests;
			sourceTree = "<group>";
		};
		24C139F42426610100AF4B68 /* Source */ = {
			isa = PBXGroup;
			children = (
				24C139D9242660F800AF4B68 /* NavigatorKit.h */,
				24C139FC2426698000AF4B68 /* NavigatorKitAssembly.swift */,
				24C139FA242661C700AF4B68 /* Screen.swift */,
				24C139F8242661AF00AF4B68 /* Navigation.swift */,
				24C139F62426612900AF4B68 /* Navigator.swift */,
			);
			path = Source;
			sourceTree = "<group>";
		};
		24C139F52426611000AF4B68 /* SupportFiles */ = {
			isa = PBXGroup;
			children = (
				24C139DA242660F800AF4B68 /* Info.plist */,
			);
			path = SupportFiles;
			sourceTree = "<group>";
		};
		24C139FE24266B3700AF4B68 /* SupportFiles */ = {
			isa = PBXGroup;
			children = (
				24C139B12426370C00AF4B68 /* Info.plist */,
			);
			path = SupportFiles;
			sourceTree = "<group>";
		};
		24C13A0124266BF200AF4B68 /* Resources */ = {
			isa = PBXGroup;
			children = (
				24C13A142426793400AF4B68 /* CharactersListContainer.storyboard */,
			);
			path = Resources;
			sourceTree = "<group>";
		};
		24C13A0424266C0C00AF4B68 /* Presentation */ = {
			isa = PBXGroup;
			children = (
				24C13A0724266CA900AF4B68 /* CharactersListScreen.swift */,
				24C13A0F2426743400AF4B68 /* Common */,
				24C13A0B242673B500AF4B68 /* View */,
				24C13A0C242673BC00AF4B68 /* Presenter */,
			);
			path = Presentation;
			sourceTree = "<group>";
		};
		24C13A0B242673B500AF4B68 /* View */ = {
			isa = PBXGroup;
			children = (
				24C13A0D242673DB00AF4B68 /* CharactersListContainerView.swift */,
				24C13A0524266C3500AF4B68 /* CharactersListContainerViewController.swift */,
			);
			path = View;
			sourceTree = "<group>";
		};
		24C13A0C242673BC00AF4B68 /* Presenter */ = {
			isa = PBXGroup;
			children = (
				24C13A0924266FB800AF4B68 /* CharactersListContainerPresenter.swift */,
			);
			path = Presenter;
			sourceTree = "<group>";
		};
		24C13A0F2426743400AF4B68 /* Common */ = {
			isa = PBXGroup;
			children = (
				24C13A102426744900AF4B68 /* CharactersListState.swift */,
				24C13A1624267F4A00AF4B68 /* CharactersListViewControllerFactory.swift */,
			);
			path = Common;
			sourceTree = "<group>";
		};
		24C13A202426824800AF4B68 /* CommonUIKit */ = {
			isa = PBXGroup;
			children = (
				24C13A3C2426826200AF4B68 /* Source */,
				24C13A3D2426826800AF4B68 /* SupportFiles */,
			);
			path = CommonUIKit;
			sourceTree = "<group>";
		};
		24C13A2D2426824800AF4B68 /* CommonUIKitTests */ = {
			isa = PBXGroup;
			children = (
				24C13A2E2426824800AF4B68 /* CommonUIKitTests.swift */,
				24C13A302426824800AF4B68 /* Info.plist */,
			);
			path = CommonUIKitTests;
			sourceTree = "<group>";
		};
		24C13A3C2426826200AF4B68 /* Source */ = {
			isa = PBXGroup;
			children = (
				24C13A6B2426B65A00AF4B68 /* LoadingViewController */,
				24C13A212426824800AF4B68 /* CommonUIKit.h */,
				24C13A432426848B00AF4B68 /* CommonUIKitAssembly.swift */,
			);
			path = Source;
			sourceTree = "<group>";
		};
		24C13A3D2426826800AF4B68 /* SupportFiles */ = {
			isa = PBXGroup;
			children = (
				24C13A222426824800AF4B68 /* Info.plist */,
				24C13A452426858000AF4B68 /* Images.xcassets */,
			);
			path = SupportFiles;
			sourceTree = "<group>";
		};
		24C13A4D24268E8F00AF4B68 /* DataProviders */ = {
			isa = PBXGroup;
			children = (
				24C13A5824268EA400AF4B68 /* Source */,
				24C13A5924268EAC00AF4B68 /* SupportFiles */,
			);
			path = DataProviders;
			sourceTree = "<group>";
		};
		24C13A5824268EA400AF4B68 /* Source */ = {
			isa = PBXGroup;
			children = (
				24C13A4E24268E8F00AF4B68 /* Models.h */,
				24C13A66242694D700AF4B68 /* DataProvidersAssembly.swift */,
				24C13A5D2426922C00AF4B68 /* Repository */,
				24C13A5C2426922000AF4B68 /* Models */,
			);
			path = Source;
			sourceTree = "<group>";
		};
		24C13A5924268EAC00AF4B68 /* SupportFiles */ = {
			isa = PBXGroup;
			children = (
				24C13A4F24268E8F00AF4B68 /* Info.plist */,
			);
			path = SupportFiles;
			sourceTree = "<group>";
		};
		24C13A5C2426922000AF4B68 /* Models */ = {
			isa = PBXGroup;
			children = (
				24C13A5A242691E400AF4B68 /* Character.swift */,
				24C13A602426935A00AF4B68 /* CharacterRepositoryError.swift */,
			);
			path = Models;
			sourceTree = "<group>";
		};
		24C13A5D2426922C00AF4B68 /* Repository */ = {
			isa = PBXGroup;
			children = (
				24C13A62242693F300AF4B68 /* Networking */,
				24C13A5E2426924000AF4B68 /* CharacterRepository.swift */,
			);
			path = Repository;
			sourceTree = "<group>";
		};
		24C13A62242693F300AF4B68 /* Networking */ = {
			isa = PBXGroup;
			children = (
				24C13A63242693FC00AF4B68 /* Opeerations */,
				24C13A642426943400AF4B68 /* CharacterService.swift */,
			);
			path = Networking;
			sourceTree = "<group>";
		};
		24C13A63242693FC00AF4B68 /* Opeerations */ = {
			isa = PBXGroup;
			children = (
			);
			path = Opeerations;
			sourceTree = "<group>";
		};
		24C13A682426B20B00AF4B68 /* Interactors */ = {
			isa = PBXGroup;
			children = (
				24C13A692426B23700AF4B68 /* GetCharacters.swift */,
			);
			path = Interactors;
			sourceTree = "<group>";
		};
		24C13A6B2426B65A00AF4B68 /* LoadingViewController */ = {
			isa = PBXGroup;
			children = (
				24C13A3F242682B200AF4B68 /* LoadingViewController.swift */,
				24C13A40242682B200AF4B68 /* LoadingViewController.xib */,
			);
			path = LoadingViewController;
			sourceTree = "<group>";
		};
		24C13A6C2426B6C200AF4B68 /* Scheduler */ = {
			isa = PBXGroup;
			children = (
				24C13A792426BD0C00AF4B68 /* FullSync */,
				24C13A742426B86F00AF4B68 /* GCD */,
				24C13A6D2426B6E600AF4B68 /* SchedulerFactory.swift */,
				24C13A6F2426B77B00AF4B68 /* Scheduler.swift */,
			);
			path = Scheduler;
			sourceTree = "<group>";
		};
		24C13A712426B7A000AF4B68 /* Common */ = {
			isa = PBXGroup;
			children = (
			);
			path = Common;
			sourceTree = "<group>";
		};
		24C13A742426B86F00AF4B68 /* GCD */ = {
			isa = PBXGroup;
			children = (
				24C13A772426B8FD00AF4B68 /* GCDScheduler.swift */,
				24C13A752426B8D700AF4B68 /* GCDSchedulerFactory.swift */,
			);
			path = GCD;
			sourceTree = "<group>";
		};
		24C13A792426BD0C00AF4B68 /* FullSync */ = {
			isa = PBXGroup;
			children = (
				24C13A7A2426BD1B00AF4B68 /* FullySynchronousScheduler.swift */,
				24C13A7C2426BE9600AF4B68 /* FullySynchronousSchedulerFactory.swift */,
			);
			path = FullSync;
			sourceTree = "<group>";
		};
		24C13A842426BFE100AF4B68 /* ToolsKit */ = {
			isa = PBXGroup;
			children = (
				24C13A8F2426C00100AF4B68 /* Source */,
				24C13A902426C00900AF4B68 /* SupportFiles */,
			);
			path = ToolsKit;
			sourceTree = "<group>";
		};
		24C13A8F2426C00100AF4B68 /* Source */ = {
			isa = PBXGroup;
			children = (
				24C13A852426BFE100AF4B68 /* ToolsKit.h */,
				24C13A6C2426B6C200AF4B68 /* Scheduler */,
			);
			path = Source;
			sourceTree = "<group>";
		};
		24C13A902426C00900AF4B68 /* SupportFiles */ = {
			isa = PBXGroup;
			children = (
				24C13A862426BFE100AF4B68 /* Info.plist */,
			);
			path = SupportFiles;
			sourceTree = "<group>";
		};
/* End PBXGroup section */

/* Begin PBXHeadersBuildPhase section */
		2483C85E2426080D0069B067 /* Headers */ = {
			isa = PBXHeadersBuildPhase;
			buildActionMask = 2147483647;
			files = (
				2483C8752426080D0069B067 /* AppCoreKit.h in Headers */,
			);
			runOnlyForDeploymentPostprocessing = 0;
		};
		24C139A92426370C00AF4B68 /* Headers */ = {
			isa = PBXHeadersBuildPhase;
			buildActionMask = 2147483647;
			files = (
				24C139C02426370C00AF4B68 /* CharactersListKit.h in Headers */,
			);
			runOnlyForDeploymentPostprocessing = 0;
		};
		24C139D2242660F800AF4B68 /* Headers */ = {
			isa = PBXHeadersBuildPhase;
			buildActionMask = 2147483647;
			files = (
				24C139E9242660F800AF4B68 /* NavigatorKit.h in Headers */,
			);
			runOnlyForDeploymentPostprocessing = 0;
		};
		24C13A1A2426824800AF4B68 /* Headers */ = {
			isa = PBXHeadersBuildPhase;
			buildActionMask = 2147483647;
			files = (
				24C13A312426824800AF4B68 /* CommonUIKit.h in Headers */,
			);
			runOnlyForDeploymentPostprocessing = 0;
		};
		24C13A4724268E8F00AF4B68 /* Headers */ = {
			isa = PBXHeadersBuildPhase;
			buildActionMask = 2147483647;
			files = (
				24C13A5024268E8F00AF4B68 /* Models.h in Headers */,
			);
			runOnlyForDeploymentPostprocessing = 0;
		};
		24C13A7E2426BFE100AF4B68 /* Headers */ = {
			isa = PBXHeadersBuildPhase;
			buildActionMask = 2147483647;
			files = (
				24C13A872426BFE100AF4B68 /* ToolsKit.h in Headers */,
			);
			runOnlyForDeploymentPostprocessing = 0;
		};
/* End PBXHeadersBuildPhase section */

/* Begin PBXNativeTarget section */
		2483C82A242605F20069B067 /* excelsior */ = {
			isa = PBXNativeTarget;
			buildConfigurationList = 2483C855242605F40069B067 /* Build configuration list for PBXNativeTarget "excelsior" */;
			buildPhases = (
				2483C827242605F20069B067 /* Sources */,
				2483C828242605F20069B067 /* Frameworks */,
				2483C829242605F20069B067 /* Resources */,
				2483C87D2426080D0069B067 /* Embed Frameworks */,
			);
			buildRules = (
			);
			dependencies = (
				2483C8772426080D0069B067 /* PBXTargetDependency */,
				24C139C22426370C00AF4B68 /* PBXTargetDependency */,
				24C139EB242660F800AF4B68 /* PBXTargetDependency */,
				24C13A332426824800AF4B68 /* PBXTargetDependency */,
				24C13A5224268E8F00AF4B68 /* PBXTargetDependency */,
				24C13A892426BFE100AF4B68 /* PBXTargetDependency */,
			);
			name = excelsior;
			productName = excelsior;
			productReference = 2483C82B242605F20069B067 /* excelsior.app */;
			productType = "com.apple.product-type.application";
		};
		2483C84B242605F40069B067 /* excelsiorUITests */ = {
			isa = PBXNativeTarget;
			buildConfigurationList = 2483C85B242605F40069B067 /* Build configuration list for PBXNativeTarget "excelsiorUITests" */;
			buildPhases = (
				2483C848242605F40069B067 /* Sources */,
				2483C849242605F40069B067 /* Frameworks */,
				2483C84A242605F40069B067 /* Resources */,
			);
			buildRules = (
			);
			dependencies = (
				2483C84E242605F40069B067 /* PBXTargetDependency */,
			);
			name = excelsiorUITests;
			productName = excelsiorUITests;
			productReference = 2483C84C242605F40069B067 /* excelsiorUITests.xctest */;
			productType = "com.apple.product-type.bundle.ui-testing";
		};
		2483C8622426080D0069B067 /* AppCoreKit */ = {
			isa = PBXNativeTarget;
			buildConfigurationList = 2483C87A2426080D0069B067 /* Build configuration list for PBXNativeTarget "AppCoreKit" */;
			buildPhases = (
				2483C85E2426080D0069B067 /* Headers */,
				2483C85F2426080D0069B067 /* Sources */,
				2483C8602426080D0069B067 /* Frameworks */,
				2483C8612426080D0069B067 /* Resources */,
			);
			buildRules = (
			);
			dependencies = (
			);
			name = AppCoreKit;
			productName = AppCoreKit;
			productReference = 2483C8632426080D0069B067 /* AppCoreKit.framework */;
			productType = "com.apple.product-type.framework";
		};
		2483C86A2426080D0069B067 /* AppCoreKitTests */ = {
			isa = PBXNativeTarget;
			buildConfigurationList = 2483C87E2426080D0069B067 /* Build configuration list for PBXNativeTarget "AppCoreKitTests" */;
			buildPhases = (
				2483C8672426080D0069B067 /* Sources */,
				2483C8682426080D0069B067 /* Frameworks */,
				2483C8692426080D0069B067 /* Resources */,
			);
			buildRules = (
			);
			dependencies = (
				2483C86E2426080D0069B067 /* PBXTargetDependency */,
				2483C8702426080D0069B067 /* PBXTargetDependency */,
			);
			name = AppCoreKitTests;
			productName = AppCoreKitTests;
			productReference = 2483C86B2426080D0069B067 /* AppCoreKitTests.xctest */;
			productType = "com.apple.product-type.bundle.unit-test";
		};
		24C139AD2426370C00AF4B68 /* CharactersListKit */ = {
			isa = PBXNativeTarget;
			buildConfigurationList = 24C139C52426370D00AF4B68 /* Build configuration list for PBXNativeTarget "CharactersListKit" */;
			buildPhases = (
				24C139A92426370C00AF4B68 /* Headers */,
				24C139AA2426370C00AF4B68 /* Sources */,
				24C139AB2426370C00AF4B68 /* Frameworks */,
				24C139AC2426370C00AF4B68 /* Resources */,
			);
			buildRules = (
			);
			dependencies = (
			);
			name = CharactersListKit;
			productName = CharactersListKit;
			productReference = 24C139AE2426370C00AF4B68 /* CharactersListKit.framework */;
			productType = "com.apple.product-type.framework";
		};
		24C139B52426370C00AF4B68 /* CharactersListKitTests */ = {
			isa = PBXNativeTarget;
			buildConfigurationList = 24C139C82426370D00AF4B68 /* Build configuration list for PBXNativeTarget "CharactersListKitTests" */;
			buildPhases = (
				24C139B22426370C00AF4B68 /* Sources */,
				24C139B32426370C00AF4B68 /* Frameworks */,
				24C139B42426370C00AF4B68 /* Resources */,
			);
			buildRules = (
			);
			dependencies = (
				24C139B92426370C00AF4B68 /* PBXTargetDependency */,
				24C139BB2426370C00AF4B68 /* PBXTargetDependency */,
			);
			name = CharactersListKitTests;
			productName = CharactersListKitTests;
			productReference = 24C139B62426370C00AF4B68 /* CharactersListKitTests.xctest */;
			productType = "com.apple.product-type.bundle.unit-test";
		};
		24C139D6242660F800AF4B68 /* NavigatorKit */ = {
			isa = PBXNativeTarget;
			buildConfigurationList = 24C139EE242660F800AF4B68 /* Build configuration list for PBXNativeTarget "NavigatorKit" */;
			buildPhases = (
				24C139D2242660F800AF4B68 /* Headers */,
				24C139D3242660F800AF4B68 /* Sources */,
				24C139D4242660F800AF4B68 /* Frameworks */,
				24C139D5242660F800AF4B68 /* Resources */,
			);
			buildRules = (
			);
			dependencies = (
			);
			name = NavigatorKit;
			productName = NavigatorKit;
			productReference = 24C139D7242660F800AF4B68 /* NavigatorKit.framework */;
			productType = "com.apple.product-type.framework";
		};
		24C139DE242660F800AF4B68 /* NavigatorKitTests */ = {
			isa = PBXNativeTarget;
			buildConfigurationList = 24C139F1242660F800AF4B68 /* Build configuration list for PBXNativeTarget "NavigatorKitTests" */;
			buildPhases = (
				24C139DB242660F800AF4B68 /* Sources */,
				24C139DC242660F800AF4B68 /* Frameworks */,
				24C139DD242660F800AF4B68 /* Resources */,
			);
			buildRules = (
			);
			dependencies = (
				24C139E2242660F800AF4B68 /* PBXTargetDependency */,
				24C139E4242660F800AF4B68 /* PBXTargetDependency */,
			);
			name = NavigatorKitTests;
			productName = NavigatorKitTests;
			productReference = 24C139DF242660F800AF4B68 /* NavigatorKitTests.xctest */;
			productType = "com.apple.product-type.bundle.unit-test";
		};
		24C13A1E2426824800AF4B68 /* CommonUIKit */ = {
			isa = PBXNativeTarget;
			buildConfigurationList = 24C13A362426824800AF4B68 /* Build configuration list for PBXNativeTarget "CommonUIKit" */;
			buildPhases = (
				24C13A1A2426824800AF4B68 /* Headers */,
				24C13A1B2426824800AF4B68 /* Sources */,
				24C13A1C2426824800AF4B68 /* Frameworks */,
				24C13A1D2426824800AF4B68 /* Resources */,
			);
			buildRules = (
			);
			dependencies = (
			);
			name = CommonUIKit;
			productName = CommonUIKit;
			productReference = 24C13A1F2426824800AF4B68 /* CommonUIKit.framework */;
			productType = "com.apple.product-type.framework";
		};
		24C13A262426824800AF4B68 /* CommonUIKitTests */ = {
			isa = PBXNativeTarget;
			buildConfigurationList = 24C13A392426824800AF4B68 /* Build configuration list for PBXNativeTarget "CommonUIKitTests" */;
			buildPhases = (
				24C13A232426824800AF4B68 /* Sources */,
				24C13A242426824800AF4B68 /* Frameworks */,
				24C13A252426824800AF4B68 /* Resources */,
			);
			buildRules = (
			);
			dependencies = (
				24C13A2A2426824800AF4B68 /* PBXTargetDependency */,
				24C13A2C2426824800AF4B68 /* PBXTargetDependency */,
			);
			name = CommonUIKitTests;
			productName = CommonUIKitTests;
			productReference = 24C13A272426824800AF4B68 /* CommonUIKitTests.xctest */;
			productType = "com.apple.product-type.bundle.unit-test";
		};
		24C13A4B24268E8F00AF4B68 /* DataProviders */ = {
			isa = PBXNativeTarget;
			buildConfigurationList = 24C13A5524268E8F00AF4B68 /* Build configuration list for PBXNativeTarget "DataProviders" */;
			buildPhases = (
				24C13A4724268E8F00AF4B68 /* Headers */,
				24C13A4824268E8F00AF4B68 /* Sources */,
				24C13A4924268E8F00AF4B68 /* Frameworks */,
				24C13A4A24268E8F00AF4B68 /* Resources */,
			);
			buildRules = (
			);
			dependencies = (
			);
			name = DataProviders;
			productName = Models;
			productReference = 24C13A4C24268E8F00AF4B68 /* DataProviders.framework */;
			productType = "com.apple.product-type.framework";
		};
		24C13A822426BFE100AF4B68 /* ToolsKit */ = {
			isa = PBXNativeTarget;
			buildConfigurationList = 24C13A8C2426BFE100AF4B68 /* Build configuration list for PBXNativeTarget "ToolsKit" */;
			buildPhases = (
				24C13A7E2426BFE100AF4B68 /* Headers */,
				24C13A7F2426BFE100AF4B68 /* Sources */,
				24C13A802426BFE100AF4B68 /* Frameworks */,
				24C13A812426BFE100AF4B68 /* Resources */,
			);
			buildRules = (
			);
			dependencies = (
			);
			name = ToolsKit;
			productName = ToolsKit;
			productReference = 24C13A832426BFE100AF4B68 /* ToolsKit.framework */;
			productType = "com.apple.product-type.framework";
		};
/* End PBXNativeTarget section */

/* Begin PBXProject section */
		2483C823242605F20069B067 /* Project object */ = {
			isa = PBXProject;
			attributes = {
				LastSwiftUpdateCheck = 1130;
				LastUpgradeCheck = 1130;
				ORGANIZATIONNAME = "Rafael Bartolome";
				TargetAttributes = {
					2483C82A242605F20069B067 = {
						CreatedOnToolsVersion = 11.3.1;
						LastSwiftMigration = 1130;
					};
					2483C84B242605F40069B067 = {
						CreatedOnToolsVersion = 11.3.1;
						TestTargetID = 2483C82A242605F20069B067;
					};
					2483C8622426080D0069B067 = {
						CreatedOnToolsVersion = 11.3.1;
					};
					2483C86A2426080D0069B067 = {
						CreatedOnToolsVersion = 11.3.1;
						TestTargetID = 2483C82A242605F20069B067;
					};
					24C139AD2426370C00AF4B68 = {
						CreatedOnToolsVersion = 11.3.1;
						LastSwiftMigration = 1130;
					};
					24C139B52426370C00AF4B68 = {
						CreatedOnToolsVersion = 11.3.1;
						TestTargetID = 2483C82A242605F20069B067;
					};
					24C139D6242660F800AF4B68 = {
						CreatedOnToolsVersion = 11.3.1;
						LastSwiftMigration = 1130;
					};
					24C139DE242660F800AF4B68 = {
						CreatedOnToolsVersion = 11.3.1;
						TestTargetID = 2483C82A242605F20069B067;
					};
					24C13A1E2426824800AF4B68 = {
						CreatedOnToolsVersion = 11.3.1;
						LastSwiftMigration = 1130;
					};
					24C13A262426824800AF4B68 = {
						CreatedOnToolsVersion = 11.3.1;
						TestTargetID = 2483C82A242605F20069B067;
					};
					24C13A4B24268E8F00AF4B68 = {
						CreatedOnToolsVersion = 11.3.1;
						LastSwiftMigration = 1130;
					};
					24C13A822426BFE100AF4B68 = {
						CreatedOnToolsVersion = 11.3.1;
					};
				};
			};
			buildConfigurationList = 2483C826242605F20069B067 /* Build configuration list for PBXProject "excelsior" */;
			compatibilityVersion = "Xcode 9.3";
			developmentRegion = en;
			hasScannedForEncodings = 0;
			knownRegions = (
				en,
				Base,
			);
			mainGroup = 2483C822242605F20069B067;
			productRefGroup = 2483C82C242605F20069B067 /* Products */;
			projectDirPath = "";
			projectRoot = "";
			targets = (
				2483C82A242605F20069B067 /* excelsior */,
				2483C84B242605F40069B067 /* excelsiorUITests */,
				2483C8622426080D0069B067 /* AppCoreKit */,
				2483C86A2426080D0069B067 /* AppCoreKitTests */,
				24C139AD2426370C00AF4B68 /* CharactersListKit */,
				24C139B52426370C00AF4B68 /* CharactersListKitTests */,
				24C139D6242660F800AF4B68 /* NavigatorKit */,
				24C139DE242660F800AF4B68 /* NavigatorKitTests */,
				24C13A1E2426824800AF4B68 /* CommonUIKit */,
				24C13A262426824800AF4B68 /* CommonUIKitTests */,
				24C13A4B24268E8F00AF4B68 /* DataProviders */,
				24C13A822426BFE100AF4B68 /* ToolsKit */,
			);
		};
/* End PBXProject section */

/* Begin PBXResourcesBuildPhase section */
		2483C829242605F20069B067 /* Resources */ = {
			isa = PBXResourcesBuildPhase;
			buildActionMask = 2147483647;
			files = (
				24C139A32426160500AF4B68 /* Assets.xcassets in Resources */,
				2483C83B242605F40069B067 /* LaunchScreen.storyboard in Resources */,
			);
			runOnlyForDeploymentPostprocessing = 0;
		};
		2483C84A242605F40069B067 /* Resources */ = {
			isa = PBXResourcesBuildPhase;
			buildActionMask = 2147483647;
			files = (
			);
			runOnlyForDeploymentPostprocessing = 0;
		};
		2483C8612426080D0069B067 /* Resources */ = {
			isa = PBXResourcesBuildPhase;
			buildActionMask = 2147483647;
			files = (
			);
			runOnlyForDeploymentPostprocessing = 0;
		};
		2483C8692426080D0069B067 /* Resources */ = {
			isa = PBXResourcesBuildPhase;
			buildActionMask = 2147483647;
			files = (
			);
			runOnlyForDeploymentPostprocessing = 0;
		};
		24C139AC2426370C00AF4B68 /* Resources */ = {
			isa = PBXResourcesBuildPhase;
			buildActionMask = 2147483647;
			files = (
				24C13A152426793400AF4B68 /* CharactersListContainer.storyboard in Resources */,
			);
			runOnlyForDeploymentPostprocessing = 0;
		};
		24C139B42426370C00AF4B68 /* Resources */ = {
			isa = PBXResourcesBuildPhase;
			buildActionMask = 2147483647;
			files = (
			);
			runOnlyForDeploymentPostprocessing = 0;
		};
		24C139D5242660F800AF4B68 /* Resources */ = {
			isa = PBXResourcesBuildPhase;
			buildActionMask = 2147483647;
			files = (
			);
			runOnlyForDeploymentPostprocessing = 0;
		};
		24C139DD242660F800AF4B68 /* Resources */ = {
			isa = PBXResourcesBuildPhase;
			buildActionMask = 2147483647;
			files = (
			);
			runOnlyForDeploymentPostprocessing = 0;
		};
		24C13A1D2426824800AF4B68 /* Resources */ = {
			isa = PBXResourcesBuildPhase;
			buildActionMask = 2147483647;
			files = (
				24C13A42242682B300AF4B68 /* LoadingViewController.xib in Resources */,
				24C13A462426858000AF4B68 /* Images.xcassets in Resources */,
			);
			runOnlyForDeploymentPostprocessing = 0;
		};
		24C13A252426824800AF4B68 /* Resources */ = {
			isa = PBXResourcesBuildPhase;
			buildActionMask = 2147483647;
			files = (
			);
			runOnlyForDeploymentPostprocessing = 0;
		};
		24C13A4A24268E8F00AF4B68 /* Resources */ = {
			isa = PBXResourcesBuildPhase;
			buildActionMask = 2147483647;
			files = (
			);
			runOnlyForDeploymentPostprocessing = 0;
		};
		24C13A812426BFE100AF4B68 /* Resources */ = {
			isa = PBXResourcesBuildPhase;
			buildActionMask = 2147483647;
			files = (
			);
			runOnlyForDeploymentPostprocessing = 0;
		};
/* End PBXResourcesBuildPhase section */

/* Begin PBXSourcesBuildPhase section */
		2483C827242605F20069B067 /* Sources */ = {
			isa = PBXSourcesBuildPhase;
			buildActionMask = 2147483647;
			files = (
				24C1399D24260E6C00AF4B68 /* main.swift in Sources */,
			);
			runOnlyForDeploymentPostprocessing = 0;
		};
		2483C848242605F40069B067 /* Sources */ = {
			isa = PBXSourcesBuildPhase;
			buildActionMask = 2147483647;
			files = (
				2483C851242605F40069B067 /* excelsiorUITests.swift in Sources */,
			);
			runOnlyForDeploymentPostprocessing = 0;
		};
		2483C85F2426080D0069B067 /* Sources */ = {
			isa = PBXSourcesBuildPhase;
			buildActionMask = 2147483647;
			files = (
				24C139CD2426377A00AF4B68 /* AppCoreKitAssembly.swift in Sources */,
				24C139D12426395300AF4B68 /* AppLaunchCoordinator.swift in Sources */,
				24C1398F24260BD700AF4B68 /* AppDelegate.swift in Sources */,
			);
			runOnlyForDeploymentPostprocessing = 0;
		};
		2483C8672426080D0069B067 /* Sources */ = {
			isa = PBXSourcesBuildPhase;
			buildActionMask = 2147483647;
			files = (
				2483C8732426080D0069B067 /* AppCoreKitTests.swift in Sources */,
			);
			runOnlyForDeploymentPostprocessing = 0;
		};
		24C139AA2426370C00AF4B68 /* Sources */ = {
			isa = PBXSourcesBuildPhase;
			buildActionMask = 2147483647;
			files = (
				24C13A0E242673DB00AF4B68 /* CharactersListContainerView.swift in Sources */,
				24C13A112426744900AF4B68 /* CharactersListState.swift in Sources */,
				24C13A0A24266FB800AF4B68 /* CharactersListContainerPresenter.swift in Sources */,
				24C13A1724267F4A00AF4B68 /* CharactersListViewControllerFactory.swift in Sources */,
				24C13A0624266C3500AF4B68 /* CharactersListContainerViewController.swift in Sources */,
				24C13A0824266CA900AF4B68 /* CharactersListScreen.swift in Sources */,
				24C13A6A2426B23700AF4B68 /* GetCharacters.swift in Sources */,
				24C13A0024266B7B00AF4B68 /* CharactersListKitAssembly.swift in Sources */,
			);
			runOnlyForDeploymentPostprocessing = 0;
		};
		24C139B22426370C00AF4B68 /* Sources */ = {
			isa = PBXSourcesBuildPhase;
			buildActionMask = 2147483647;
			files = (
				24C139BE2426370C00AF4B68 /* CharactersListKitTests.swift in Sources */,
			);
			runOnlyForDeploymentPostprocessing = 0;
		};
		24C139D3242660F800AF4B68 /* Sources */ = {
			isa = PBXSourcesBuildPhase;
			buildActionMask = 2147483647;
			files = (
				24C139F72426612900AF4B68 /* Navigator.swift in Sources */,
				24C139FD2426698000AF4B68 /* NavigatorKitAssembly.swift in Sources */,
				24C139F9242661AF00AF4B68 /* Navigation.swift in Sources */,
				24C139FB242661C700AF4B68 /* Screen.swift in Sources */,
			);
			runOnlyForDeploymentPostprocessing = 0;
		};
		24C139DB242660F800AF4B68 /* Sources */ = {
			isa = PBXSourcesBuildPhase;
			buildActionMask = 2147483647;
			files = (
				24C139E7242660F800AF4B68 /* NavigatorKitTests.swift in Sources */,
			);
			runOnlyForDeploymentPostprocessing = 0;
		};
		24C13A1B2426824800AF4B68 /* Sources */ = {
			isa = PBXSourcesBuildPhase;
			buildActionMask = 2147483647;
			files = (
				24C13A41242682B300AF4B68 /* LoadingViewController.swift in Sources */,
				24C13A442426848B00AF4B68 /* CommonUIKitAssembly.swift in Sources */,
			);
			runOnlyForDeploymentPostprocessing = 0;
		};
		24C13A232426824800AF4B68 /* Sources */ = {
			isa = PBXSourcesBuildPhase;
			buildActionMask = 2147483647;
			files = (
				24C13A2F2426824800AF4B68 /* CommonUIKitTests.swift in Sources */,
			);
			runOnlyForDeploymentPostprocessing = 0;
		};
		24C13A4824268E8F00AF4B68 /* Sources */ = {
			isa = PBXSourcesBuildPhase;
			buildActionMask = 2147483647;
			files = (
				24C13A5B242691E400AF4B68 /* Character.swift in Sources */,
				24C13A612426935A00AF4B68 /* CharacterRepositoryError.swift in Sources */,
				24C13A67242694D700AF4B68 /* DataProvidersAssembly.swift in Sources */,
				24C13A5F2426924000AF4B68 /* CharacterRepository.swift in Sources */,
				24C13A652426943400AF4B68 /* CharacterService.swift in Sources */,
			);
			runOnlyForDeploymentPostprocessing = 0;
		};
		24C13A7F2426BFE100AF4B68 /* Sources */ = {
			isa = PBXSourcesBuildPhase;
			buildActionMask = 2147483647;
			files = (
				24C13A922426C04A00AF4B68 /* FullySynchronousScheduler.swift in Sources */,
				24C13A952426C04A00AF4B68 /* GCDSchedulerFactory.swift in Sources */,
				24C13A962426C04A00AF4B68 /* SchedulerFactory.swift in Sources */,
				24C13A972426C04A00AF4B68 /* Scheduler.swift in Sources */,
				24C13A942426C04A00AF4B68 /* GCDScheduler.swift in Sources */,
				24C13A932426C04A00AF4B68 /* FullySynchronousSchedulerFactory.swift in Sources */,
			);
			runOnlyForDeploymentPostprocessing = 0;
		};
/* End PBXSourcesBuildPhase section */

/* Begin PBXTargetDependency section */
		2483C84E242605F40069B067 /* PBXTargetDependency */ = {
			isa = PBXTargetDependency;
			target = 2483C82A242605F20069B067 /* excelsior */;
			targetProxy = 2483C84D242605F40069B067 /* PBXContainerItemProxy */;
		};
		2483C86E2426080D0069B067 /* PBXTargetDependency */ = {
			isa = PBXTargetDependency;
			target = 2483C8622426080D0069B067 /* AppCoreKit */;
			targetProxy = 2483C86D2426080D0069B067 /* PBXContainerItemProxy */;
		};
		2483C8702426080D0069B067 /* PBXTargetDependency */ = {
			isa = PBXTargetDependency;
			target = 2483C82A242605F20069B067 /* excelsior */;
			targetProxy = 2483C86F2426080D0069B067 /* PBXContainerItemProxy */;
		};
		2483C8772426080D0069B067 /* PBXTargetDependency */ = {
			isa = PBXTargetDependency;
			target = 2483C8622426080D0069B067 /* AppCoreKit */;
			targetProxy = 2483C8762426080D0069B067 /* PBXContainerItemProxy */;
		};
		24C139B92426370C00AF4B68 /* PBXTargetDependency */ = {
			isa = PBXTargetDependency;
			target = 24C139AD2426370C00AF4B68 /* CharactersListKit */;
			targetProxy = 24C139B82426370C00AF4B68 /* PBXContainerItemProxy */;
		};
		24C139BB2426370C00AF4B68 /* PBXTargetDependency */ = {
			isa = PBXTargetDependency;
			target = 2483C82A242605F20069B067 /* excelsior */;
			targetProxy = 24C139BA2426370C00AF4B68 /* PBXContainerItemProxy */;
		};
		24C139C22426370C00AF4B68 /* PBXTargetDependency */ = {
			isa = PBXTargetDependency;
			target = 24C139AD2426370C00AF4B68 /* CharactersListKit */;
			targetProxy = 24C139C12426370C00AF4B68 /* PBXContainerItemProxy */;
		};
		24C139E2242660F800AF4B68 /* PBXTargetDependency */ = {
			isa = PBXTargetDependency;
			target = 24C139D6242660F800AF4B68 /* NavigatorKit */;
			targetProxy = 24C139E1242660F800AF4B68 /* PBXContainerItemProxy */;
		};
		24C139E4242660F800AF4B68 /* PBXTargetDependency */ = {
			isa = PBXTargetDependency;
			target = 2483C82A242605F20069B067 /* excelsior */;
			targetProxy = 24C139E3242660F800AF4B68 /* PBXContainerItemProxy */;
		};
		24C139EB242660F800AF4B68 /* PBXTargetDependency */ = {
			isa = PBXTargetDependency;
			target = 24C139D6242660F800AF4B68 /* NavigatorKit */;
			targetProxy = 24C139EA242660F800AF4B68 /* PBXContainerItemProxy */;
		};
		24C13A2A2426824800AF4B68 /* PBXTargetDependency */ = {
			isa = PBXTargetDependency;
			target = 24C13A1E2426824800AF4B68 /* CommonUIKit */;
			targetProxy = 24C13A292426824800AF4B68 /* PBXContainerItemProxy */;
		};
		24C13A2C2426824800AF4B68 /* PBXTargetDependency */ = {
			isa = PBXTargetDependency;
			target = 2483C82A242605F20069B067 /* excelsior */;
			targetProxy = 24C13A2B2426824800AF4B68 /* PBXContainerItemProxy */;
		};
		24C13A332426824800AF4B68 /* PBXTargetDependency */ = {
			isa = PBXTargetDependency;
			target = 24C13A1E2426824800AF4B68 /* CommonUIKit */;
			targetProxy = 24C13A322426824800AF4B68 /* PBXContainerItemProxy */;
		};
		24C13A5224268E8F00AF4B68 /* PBXTargetDependency */ = {
			isa = PBXTargetDependency;
			target = 24C13A4B24268E8F00AF4B68 /* DataProviders */;
			targetProxy = 24C13A5124268E8F00AF4B68 /* PBXContainerItemProxy */;
		};
		24C13A892426BFE100AF4B68 /* PBXTargetDependency */ = {
			isa = PBXTargetDependency;
			target = 24C13A822426BFE100AF4B68 /* ToolsKit */;
			targetProxy = 24C13A882426BFE100AF4B68 /* PBXContainerItemProxy */;
		};
/* End PBXTargetDependency section */

/* Begin PBXVariantGroup section */
		2483C839242605F40069B067 /* LaunchScreen.storyboard */ = {
			isa = PBXVariantGroup;
			children = (
				2483C83A242605F40069B067 /* Base */,
				24C139A52426179100AF4B68 /* en */,
			);
			name = LaunchScreen.storyboard;
			sourceTree = "<group>";
		};
/* End PBXVariantGroup section */

/* Begin XCBuildConfiguration section */
		2483C853242605F40069B067 /* Debug */ = {
			isa = XCBuildConfiguration;
			buildSettings = {
				ALWAYS_SEARCH_USER_PATHS = NO;
				CLANG_ANALYZER_NONNULL = YES;
				CLANG_ANALYZER_NUMBER_OBJECT_CONVERSION = YES_AGGRESSIVE;
				CLANG_CXX_LANGUAGE_STANDARD = "gnu++14";
				CLANG_CXX_LIBRARY = "libc++";
				CLANG_ENABLE_MODULES = YES;
				CLANG_ENABLE_OBJC_ARC = YES;
				CLANG_ENABLE_OBJC_WEAK = YES;
				CLANG_WARN_BLOCK_CAPTURE_AUTORELEASING = YES;
				CLANG_WARN_BOOL_CONVERSION = YES;
				CLANG_WARN_COMMA = YES;
				CLANG_WARN_CONSTANT_CONVERSION = YES;
				CLANG_WARN_DEPRECATED_OBJC_IMPLEMENTATIONS = YES;
				CLANG_WARN_DIRECT_OBJC_ISA_USAGE = YES_ERROR;
				CLANG_WARN_DOCUMENTATION_COMMENTS = YES;
				CLANG_WARN_EMPTY_BODY = YES;
				CLANG_WARN_ENUM_CONVERSION = YES;
				CLANG_WARN_INFINITE_RECURSION = YES;
				CLANG_WARN_INT_CONVERSION = YES;
				CLANG_WARN_NON_LITERAL_NULL_CONVERSION = YES;
				CLANG_WARN_OBJC_IMPLICIT_RETAIN_SELF = YES;
				CLANG_WARN_OBJC_LITERAL_CONVERSION = YES;
				CLANG_WARN_OBJC_ROOT_CLASS = YES_ERROR;
				CLANG_WARN_RANGE_LOOP_ANALYSIS = YES;
				CLANG_WARN_STRICT_PROTOTYPES = YES;
				CLANG_WARN_SUSPICIOUS_MOVE = YES;
				CLANG_WARN_UNGUARDED_AVAILABILITY = YES_AGGRESSIVE;
				CLANG_WARN_UNREACHABLE_CODE = YES;
				CLANG_WARN__DUPLICATE_METHOD_MATCH = YES;
				COPY_PHASE_STRIP = NO;
				DEBUG_INFORMATION_FORMAT = dwarf;
				ENABLE_STRICT_OBJC_MSGSEND = YES;
				ENABLE_TESTABILITY = YES;
				GCC_C_LANGUAGE_STANDARD = gnu11;
				GCC_DYNAMIC_NO_PIC = NO;
				GCC_NO_COMMON_BLOCKS = YES;
				GCC_OPTIMIZATION_LEVEL = 0;
				GCC_PREPROCESSOR_DEFINITIONS = (
					"DEBUG=1",
					"$(inherited)",
				);
				GCC_WARN_64_TO_32_BIT_CONVERSION = YES;
				GCC_WARN_ABOUT_RETURN_TYPE = YES_ERROR;
				GCC_WARN_UNDECLARED_SELECTOR = YES;
				GCC_WARN_UNINITIALIZED_AUTOS = YES_AGGRESSIVE;
				GCC_WARN_UNUSED_FUNCTION = YES;
				GCC_WARN_UNUSED_VARIABLE = YES;
				IPHONEOS_DEPLOYMENT_TARGET = 12.0;
				MTL_ENABLE_DEBUG_INFO = INCLUDE_SOURCE;
				MTL_FAST_MATH = YES;
				ONLY_ACTIVE_ARCH = YES;
				SDKROOT = iphoneos;
				SWIFT_ACTIVE_COMPILATION_CONDITIONS = DEBUG;
				SWIFT_OPTIMIZATION_LEVEL = "-Onone";
			};
			name = Debug;
		};
		2483C854242605F40069B067 /* Release */ = {
			isa = XCBuildConfiguration;
			buildSettings = {
				ALWAYS_SEARCH_USER_PATHS = NO;
				CLANG_ANALYZER_NONNULL = YES;
				CLANG_ANALYZER_NUMBER_OBJECT_CONVERSION = YES_AGGRESSIVE;
				CLANG_CXX_LANGUAGE_STANDARD = "gnu++14";
				CLANG_CXX_LIBRARY = "libc++";
				CLANG_ENABLE_MODULES = YES;
				CLANG_ENABLE_OBJC_ARC = YES;
				CLANG_ENABLE_OBJC_WEAK = YES;
				CLANG_WARN_BLOCK_CAPTURE_AUTORELEASING = YES;
				CLANG_WARN_BOOL_CONVERSION = YES;
				CLANG_WARN_COMMA = YES;
				CLANG_WARN_CONSTANT_CONVERSION = YES;
				CLANG_WARN_DEPRECATED_OBJC_IMPLEMENTATIONS = YES;
				CLANG_WARN_DIRECT_OBJC_ISA_USAGE = YES_ERROR;
				CLANG_WARN_DOCUMENTATION_COMMENTS = YES;
				CLANG_WARN_EMPTY_BODY = YES;
				CLANG_WARN_ENUM_CONVERSION = YES;
				CLANG_WARN_INFINITE_RECURSION = YES;
				CLANG_WARN_INT_CONVERSION = YES;
				CLANG_WARN_NON_LITERAL_NULL_CONVERSION = YES;
				CLANG_WARN_OBJC_IMPLICIT_RETAIN_SELF = YES;
				CLANG_WARN_OBJC_LITERAL_CONVERSION = YES;
				CLANG_WARN_OBJC_ROOT_CLASS = YES_ERROR;
				CLANG_WARN_RANGE_LOOP_ANALYSIS = YES;
				CLANG_WARN_STRICT_PROTOTYPES = YES;
				CLANG_WARN_SUSPICIOUS_MOVE = YES;
				CLANG_WARN_UNGUARDED_AVAILABILITY = YES_AGGRESSIVE;
				CLANG_WARN_UNREACHABLE_CODE = YES;
				CLANG_WARN__DUPLICATE_METHOD_MATCH = YES;
				COPY_PHASE_STRIP = NO;
				DEBUG_INFORMATION_FORMAT = "dwarf-with-dsym";
				ENABLE_NS_ASSERTIONS = NO;
				ENABLE_STRICT_OBJC_MSGSEND = YES;
				GCC_C_LANGUAGE_STANDARD = gnu11;
				GCC_NO_COMMON_BLOCKS = YES;
				GCC_WARN_64_TO_32_BIT_CONVERSION = YES;
				GCC_WARN_ABOUT_RETURN_TYPE = YES_ERROR;
				GCC_WARN_UNDECLARED_SELECTOR = YES;
				GCC_WARN_UNINITIALIZED_AUTOS = YES_AGGRESSIVE;
				GCC_WARN_UNUSED_FUNCTION = YES;
				GCC_WARN_UNUSED_VARIABLE = YES;
				IPHONEOS_DEPLOYMENT_TARGET = 12.0;
				MTL_ENABLE_DEBUG_INFO = NO;
				MTL_FAST_MATH = YES;
				SDKROOT = iphoneos;
				SWIFT_COMPILATION_MODE = wholemodule;
				SWIFT_OPTIMIZATION_LEVEL = "-O";
				VALIDATE_PRODUCT = YES;
			};
			name = Release;
		};
		2483C856242605F40069B067 /* Debug */ = {
			isa = XCBuildConfiguration;
			buildSettings = {
				ALWAYS_EMBED_SWIFT_STANDARD_LIBRARIES = YES;
				ASSETCATALOG_COMPILER_APPICON_NAME = AppIcon;
				CLANG_ENABLE_MODULES = YES;
				CODE_SIGN_STYLE = Automatic;
				CURRENT_PROJECT_VERSION = 20200321;
				DEVELOPMENT_TEAM = A4UTK9SZQT;
				INFOPLIST_FILE = Excelsior/SupportFiles/Info.plist;
				LD_RUNPATH_SEARCH_PATHS = (
					"$(inherited)",
					"@executable_path/Frameworks",
				);
				MARKETING_VERSION = 0.1;
				PRODUCT_BUNDLE_IDENTIFIER = es.rafaelbartolome.excelsior;
				PRODUCT_NAME = "$(TARGET_NAME)";
				SWIFT_OBJC_BRIDGING_HEADER = "Excelsior/Source/excelsior-Bridging-Header.h";
				SWIFT_OPTIMIZATION_LEVEL = "-Onone";
				SWIFT_VERSION = 5.0;
				TARGETED_DEVICE_FAMILY = "1,2";
			};
			name = Debug;
		};
		2483C857242605F40069B067 /* Release */ = {
			isa = XCBuildConfiguration;
			buildSettings = {
				ALWAYS_EMBED_SWIFT_STANDARD_LIBRARIES = YES;
				ASSETCATALOG_COMPILER_APPICON_NAME = AppIcon;
				CLANG_ENABLE_MODULES = YES;
				CODE_SIGN_STYLE = Automatic;
				CURRENT_PROJECT_VERSION = 20200321;
				DEVELOPMENT_TEAM = A4UTK9SZQT;
				INFOPLIST_FILE = Excelsior/SupportFiles/Info.plist;
				LD_RUNPATH_SEARCH_PATHS = (
					"$(inherited)",
					"@executable_path/Frameworks",
				);
				MARKETING_VERSION = 0.1;
				PRODUCT_BUNDLE_IDENTIFIER = es.rafaelbartolome.excelsior;
				PRODUCT_NAME = "$(TARGET_NAME)";
				SWIFT_OBJC_BRIDGING_HEADER = "Excelsior/Source/excelsior-Bridging-Header.h";
				SWIFT_VERSION = 5.0;
				TARGETED_DEVICE_FAMILY = "1,2";
			};
			name = Release;
		};
		2483C85C242605F40069B067 /* Debug */ = {
			isa = XCBuildConfiguration;
			buildSettings = {
				ALWAYS_EMBED_SWIFT_STANDARD_LIBRARIES = YES;
				CODE_SIGN_STYLE = Automatic;
				DEVELOPMENT_TEAM = A4UTK9SZQT;
				INFOPLIST_FILE = excelsiorUITests/Info.plist;
				LD_RUNPATH_SEARCH_PATHS = (
					"$(inherited)",
					"@executable_path/Frameworks",
					"@loader_path/Frameworks",
				);
				PRODUCT_BUNDLE_IDENTIFIER = es.rafaelbartolome.excelsiorUITests;
				PRODUCT_NAME = "$(TARGET_NAME)";
				SWIFT_VERSION = 5.0;
				TARGETED_DEVICE_FAMILY = "1,2";
				TEST_TARGET_NAME = excelsior;
			};
			name = Debug;
		};
		2483C85D242605F40069B067 /* Release */ = {
			isa = XCBuildConfiguration;
			buildSettings = {
				ALWAYS_EMBED_SWIFT_STANDARD_LIBRARIES = YES;
				CODE_SIGN_STYLE = Automatic;
				DEVELOPMENT_TEAM = A4UTK9SZQT;
				INFOPLIST_FILE = excelsiorUITests/Info.plist;
				LD_RUNPATH_SEARCH_PATHS = (
					"$(inherited)",
					"@executable_path/Frameworks",
					"@loader_path/Frameworks",
				);
				PRODUCT_BUNDLE_IDENTIFIER = es.rafaelbartolome.excelsiorUITests;
				PRODUCT_NAME = "$(TARGET_NAME)";
				SWIFT_VERSION = 5.0;
				TARGETED_DEVICE_FAMILY = "1,2";
				TEST_TARGET_NAME = excelsior;
			};
			name = Release;
		};
		2483C87B2426080D0069B067 /* Debug */ = {
			isa = XCBuildConfiguration;
			buildSettings = {
				CODE_SIGN_STYLE = Automatic;
				CURRENT_PROJECT_VERSION = 1;
				DEFINES_MODULE = YES;
				DEVELOPMENT_TEAM = A4UTK9SZQT;
				DYLIB_COMPATIBILITY_VERSION = 1;
				DYLIB_CURRENT_VERSION = 1;
				DYLIB_INSTALL_NAME_BASE = "@rpath";
				INFOPLIST_FILE = AppCoreKit/SupportFiles/Info.plist;
				INSTALL_PATH = "$(LOCAL_LIBRARY_DIR)/Frameworks";
				LD_RUNPATH_SEARCH_PATHS = (
					"$(inherited)",
					"@executable_path/Frameworks",
					"@loader_path/Frameworks",
				);
				PRODUCT_BUNDLE_IDENTIFIER = es.rafaelbartolome.AppCoreKit;
				PRODUCT_NAME = "$(TARGET_NAME:c99extidentifier)";
				SKIP_INSTALL = YES;
				SWIFT_VERSION = 5.0;
				TARGETED_DEVICE_FAMILY = "1,2";
				VERSIONING_SYSTEM = "apple-generic";
				VERSION_INFO_PREFIX = "";
			};
			name = Debug;
		};
		2483C87C2426080D0069B067 /* Release */ = {
			isa = XCBuildConfiguration;
			buildSettings = {
				CODE_SIGN_STYLE = Automatic;
				CURRENT_PROJECT_VERSION = 1;
				DEFINES_MODULE = YES;
				DEVELOPMENT_TEAM = A4UTK9SZQT;
				DYLIB_COMPATIBILITY_VERSION = 1;
				DYLIB_CURRENT_VERSION = 1;
				DYLIB_INSTALL_NAME_BASE = "@rpath";
				INFOPLIST_FILE = AppCoreKit/SupportFiles/Info.plist;
				INSTALL_PATH = "$(LOCAL_LIBRARY_DIR)/Frameworks";
				LD_RUNPATH_SEARCH_PATHS = (
					"$(inherited)",
					"@executable_path/Frameworks",
					"@loader_path/Frameworks",
				);
				PRODUCT_BUNDLE_IDENTIFIER = es.rafaelbartolome.AppCoreKit;
				PRODUCT_NAME = "$(TARGET_NAME:c99extidentifier)";
				SKIP_INSTALL = YES;
				SWIFT_VERSION = 5.0;
				TARGETED_DEVICE_FAMILY = "1,2";
				VERSIONING_SYSTEM = "apple-generic";
				VERSION_INFO_PREFIX = "";
			};
			name = Release;
		};
		2483C87F2426080D0069B067 /* Debug */ = {
			isa = XCBuildConfiguration;
			buildSettings = {
				ALWAYS_EMBED_SWIFT_STANDARD_LIBRARIES = YES;
				CODE_SIGN_STYLE = Automatic;
				DEVELOPMENT_TEAM = A4UTK9SZQT;
				INFOPLIST_FILE = AppCoreKitTests/Info.plist;
				LD_RUNPATH_SEARCH_PATHS = (
					"$(inherited)",
					"@executable_path/Frameworks",
					"@loader_path/Frameworks",
				);
				PRODUCT_BUNDLE_IDENTIFIER = es.rafaelbartolome.AppCoreKitTests;
				PRODUCT_NAME = "$(TARGET_NAME)";
				SWIFT_VERSION = 5.0;
				TARGETED_DEVICE_FAMILY = "1,2";
				TEST_HOST = "$(BUILT_PRODUCTS_DIR)/excelsior.app/excelsior";
			};
			name = Debug;
		};
		2483C8802426080D0069B067 /* Release */ = {
			isa = XCBuildConfiguration;
			buildSettings = {
				ALWAYS_EMBED_SWIFT_STANDARD_LIBRARIES = YES;
				CODE_SIGN_STYLE = Automatic;
				DEVELOPMENT_TEAM = A4UTK9SZQT;
				INFOPLIST_FILE = AppCoreKitTests/Info.plist;
				LD_RUNPATH_SEARCH_PATHS = (
					"$(inherited)",
					"@executable_path/Frameworks",
					"@loader_path/Frameworks",
				);
				PRODUCT_BUNDLE_IDENTIFIER = es.rafaelbartolome.AppCoreKitTests;
				PRODUCT_NAME = "$(TARGET_NAME)";
				SWIFT_VERSION = 5.0;
				TARGETED_DEVICE_FAMILY = "1,2";
				TEST_HOST = "$(BUILT_PRODUCTS_DIR)/excelsior.app/excelsior";
			};
			name = Release;
		};
		24C139C62426370D00AF4B68 /* Debug */ = {
			isa = XCBuildConfiguration;
			buildSettings = {
				CLANG_ENABLE_MODULES = YES;
				CODE_SIGN_STYLE = Automatic;
				CURRENT_PROJECT_VERSION = 1;
				DEFINES_MODULE = YES;
				DEVELOPMENT_TEAM = A4UTK9SZQT;
				DYLIB_COMPATIBILITY_VERSION = 1;
				DYLIB_CURRENT_VERSION = 1;
				DYLIB_INSTALL_NAME_BASE = "@rpath";
				INFOPLIST_FILE = CharactersListKit/SupportFiles/Info.plist;
				INSTALL_PATH = "$(LOCAL_LIBRARY_DIR)/Frameworks";
				IPHONEOS_DEPLOYMENT_TARGET = 12.0;
				LD_RUNPATH_SEARCH_PATHS = (
					"$(inherited)",
					"@executable_path/Frameworks",
					"@loader_path/Frameworks",
				);
				PRODUCT_BUNDLE_IDENTIFIER = es.rafaelbartolome.CharactersListKit;
				PRODUCT_NAME = "$(TARGET_NAME:c99extidentifier)";
				SKIP_INSTALL = YES;
				SWIFT_OPTIMIZATION_LEVEL = "-Onone";
				SWIFT_VERSION = 5.0;
				TARGETED_DEVICE_FAMILY = "1,2";
				VERSIONING_SYSTEM = "apple-generic";
				VERSION_INFO_PREFIX = "";
			};
			name = Debug;
		};
		24C139C72426370D00AF4B68 /* Release */ = {
			isa = XCBuildConfiguration;
			buildSettings = {
				CLANG_ENABLE_MODULES = YES;
				CODE_SIGN_STYLE = Automatic;
				CURRENT_PROJECT_VERSION = 1;
				DEFINES_MODULE = YES;
				DEVELOPMENT_TEAM = A4UTK9SZQT;
				DYLIB_COMPATIBILITY_VERSION = 1;
				DYLIB_CURRENT_VERSION = 1;
				DYLIB_INSTALL_NAME_BASE = "@rpath";
				INFOPLIST_FILE = CharactersListKit/SupportFiles/Info.plist;
				INSTALL_PATH = "$(LOCAL_LIBRARY_DIR)/Frameworks";
				IPHONEOS_DEPLOYMENT_TARGET = 12.0;
				LD_RUNPATH_SEARCH_PATHS = (
					"$(inherited)",
					"@executable_path/Frameworks",
					"@loader_path/Frameworks",
				);
				PRODUCT_BUNDLE_IDENTIFIER = es.rafaelbartolome.CharactersListKit;
				PRODUCT_NAME = "$(TARGET_NAME:c99extidentifier)";
				SKIP_INSTALL = YES;
				SWIFT_VERSION = 5.0;
				TARGETED_DEVICE_FAMILY = "1,2";
				VERSIONING_SYSTEM = "apple-generic";
				VERSION_INFO_PREFIX = "";
			};
			name = Release;
		};
		24C139C92426370D00AF4B68 /* Debug */ = {
			isa = XCBuildConfiguration;
			buildSettings = {
				ALWAYS_EMBED_SWIFT_STANDARD_LIBRARIES = YES;
				CODE_SIGN_STYLE = Automatic;
				DEVELOPMENT_TEAM = A4UTK9SZQT;
				INFOPLIST_FILE = CharactersListKitTests/Info.plist;
				IPHONEOS_DEPLOYMENT_TARGET = 13.2;
				LD_RUNPATH_SEARCH_PATHS = (
					"$(inherited)",
					"@executable_path/Frameworks",
					"@loader_path/Frameworks",
				);
				PRODUCT_BUNDLE_IDENTIFIER = es.rafaelbartolome.CharactersListKitTests;
				PRODUCT_NAME = "$(TARGET_NAME)";
				SWIFT_VERSION = 5.0;
				TARGETED_DEVICE_FAMILY = "1,2";
				TEST_HOST = "$(BUILT_PRODUCTS_DIR)/excelsior.app/excelsior";
			};
			name = Debug;
		};
		24C139CA2426370D00AF4B68 /* Release */ = {
			isa = XCBuildConfiguration;
			buildSettings = {
				ALWAYS_EMBED_SWIFT_STANDARD_LIBRARIES = YES;
				CODE_SIGN_STYLE = Automatic;
				DEVELOPMENT_TEAM = A4UTK9SZQT;
				INFOPLIST_FILE = CharactersListKitTests/Info.plist;
				IPHONEOS_DEPLOYMENT_TARGET = 13.2;
				LD_RUNPATH_SEARCH_PATHS = (
					"$(inherited)",
					"@executable_path/Frameworks",
					"@loader_path/Frameworks",
				);
				PRODUCT_BUNDLE_IDENTIFIER = es.rafaelbartolome.CharactersListKitTests;
				PRODUCT_NAME = "$(TARGET_NAME)";
				SWIFT_VERSION = 5.0;
				TARGETED_DEVICE_FAMILY = "1,2";
				TEST_HOST = "$(BUILT_PRODUCTS_DIR)/excelsior.app/excelsior";
			};
			name = Release;
		};
		24C139EF242660F800AF4B68 /* Debug */ = {
			isa = XCBuildConfiguration;
			buildSettings = {
				CLANG_ENABLE_MODULES = YES;
				CODE_SIGN_STYLE = Automatic;
				CURRENT_PROJECT_VERSION = 1;
				DEFINES_MODULE = YES;
				DEVELOPMENT_TEAM = A4UTK9SZQT;
				DYLIB_COMPATIBILITY_VERSION = 1;
				DYLIB_CURRENT_VERSION = 1;
				DYLIB_INSTALL_NAME_BASE = "@rpath";
				INFOPLIST_FILE = NavigatorKit/SupportFiles/Info.plist;
				INSTALL_PATH = "$(LOCAL_LIBRARY_DIR)/Frameworks";
				IPHONEOS_DEPLOYMENT_TARGET = 12.0;
				LD_RUNPATH_SEARCH_PATHS = (
					"$(inherited)",
					"@executable_path/Frameworks",
					"@loader_path/Frameworks",
				);
				PRODUCT_BUNDLE_IDENTIFIER = es.rafaelbartolome.NavigatorKit;
				PRODUCT_NAME = "$(TARGET_NAME:c99extidentifier)";
				SKIP_INSTALL = YES;
				SWIFT_OPTIMIZATION_LEVEL = "-Onone";
				SWIFT_VERSION = 5.0;
				TARGETED_DEVICE_FAMILY = "1,2";
				VERSIONING_SYSTEM = "apple-generic";
				VERSION_INFO_PREFIX = "";
			};
			name = Debug;
		};
		24C139F0242660F800AF4B68 /* Release */ = {
			isa = XCBuildConfiguration;
			buildSettings = {
				CLANG_ENABLE_MODULES = YES;
				CODE_SIGN_STYLE = Automatic;
				CURRENT_PROJECT_VERSION = 1;
				DEFINES_MODULE = YES;
				DEVELOPMENT_TEAM = A4UTK9SZQT;
				DYLIB_COMPATIBILITY_VERSION = 1;
				DYLIB_CURRENT_VERSION = 1;
				DYLIB_INSTALL_NAME_BASE = "@rpath";
				INFOPLIST_FILE = NavigatorKit/SupportFiles/Info.plist;
				INSTALL_PATH = "$(LOCAL_LIBRARY_DIR)/Frameworks";
				IPHONEOS_DEPLOYMENT_TARGET = 12.0;
				LD_RUNPATH_SEARCH_PATHS = (
					"$(inherited)",
					"@executable_path/Frameworks",
					"@loader_path/Frameworks",
				);
				PRODUCT_BUNDLE_IDENTIFIER = es.rafaelbartolome.NavigatorKit;
				PRODUCT_NAME = "$(TARGET_NAME:c99extidentifier)";
				SKIP_INSTALL = YES;
				SWIFT_VERSION = 5.0;
				TARGETED_DEVICE_FAMILY = "1,2";
				VERSIONING_SYSTEM = "apple-generic";
				VERSION_INFO_PREFIX = "";
			};
			name = Release;
		};
		24C139F2242660F800AF4B68 /* Debug */ = {
			isa = XCBuildConfiguration;
			buildSettings = {
				ALWAYS_EMBED_SWIFT_STANDARD_LIBRARIES = YES;
				CODE_SIGN_STYLE = Automatic;
				DEVELOPMENT_TEAM = A4UTK9SZQT;
				INFOPLIST_FILE = NavigatorKitTests/Info.plist;
				IPHONEOS_DEPLOYMENT_TARGET = 13.2;
				LD_RUNPATH_SEARCH_PATHS = (
					"$(inherited)",
					"@executable_path/Frameworks",
					"@loader_path/Frameworks",
				);
				PRODUCT_BUNDLE_IDENTIFIER = es.rafaelbartolome.NavigatorKitTests;
				PRODUCT_NAME = "$(TARGET_NAME)";
				SWIFT_VERSION = 5.0;
				TARGETED_DEVICE_FAMILY = "1,2";
				TEST_HOST = "$(BUILT_PRODUCTS_DIR)/excelsior.app/excelsior";
			};
			name = Debug;
		};
		24C139F3242660F800AF4B68 /* Release */ = {
			isa = XCBuildConfiguration;
			buildSettings = {
				ALWAYS_EMBED_SWIFT_STANDARD_LIBRARIES = YES;
				CODE_SIGN_STYLE = Automatic;
				DEVELOPMENT_TEAM = A4UTK9SZQT;
				INFOPLIST_FILE = NavigatorKitTests/Info.plist;
				IPHONEOS_DEPLOYMENT_TARGET = 13.2;
				LD_RUNPATH_SEARCH_PATHS = (
					"$(inherited)",
					"@executable_path/Frameworks",
					"@loader_path/Frameworks",
				);
				PRODUCT_BUNDLE_IDENTIFIER = es.rafaelbartolome.NavigatorKitTests;
				PRODUCT_NAME = "$(TARGET_NAME)";
				SWIFT_VERSION = 5.0;
				TARGETED_DEVICE_FAMILY = "1,2";
				TEST_HOST = "$(BUILT_PRODUCTS_DIR)/excelsior.app/excelsior";
			};
			name = Release;
		};
		24C13A372426824800AF4B68 /* Debug */ = {
			isa = XCBuildConfiguration;
			buildSettings = {
				CLANG_ENABLE_MODULES = YES;
				CODE_SIGN_STYLE = Automatic;
				CURRENT_PROJECT_VERSION = 1;
				DEFINES_MODULE = YES;
				DEVELOPMENT_TEAM = A4UTK9SZQT;
				DYLIB_COMPATIBILITY_VERSION = 1;
				DYLIB_CURRENT_VERSION = 1;
				DYLIB_INSTALL_NAME_BASE = "@rpath";
				INFOPLIST_FILE = CommonUIKit/SupportFiles/Info.plist;
				INSTALL_PATH = "$(LOCAL_LIBRARY_DIR)/Frameworks";
				IPHONEOS_DEPLOYMENT_TARGET = 12.0;
				LD_RUNPATH_SEARCH_PATHS = (
					"$(inherited)",
					"@executable_path/Frameworks",
					"@loader_path/Frameworks",
				);
				PRODUCT_BUNDLE_IDENTIFIER = es.rafaelbartolome.CommonUIKit;
				PRODUCT_NAME = "$(TARGET_NAME:c99extidentifier)";
				SKIP_INSTALL = YES;
				SWIFT_OPTIMIZATION_LEVEL = "-Onone";
				SWIFT_VERSION = 5.0;
				TARGETED_DEVICE_FAMILY = "1,2";
				VERSIONING_SYSTEM = "apple-generic";
				VERSION_INFO_PREFIX = "";
			};
			name = Debug;
		};
		24C13A382426824800AF4B68 /* Release */ = {
			isa = XCBuildConfiguration;
			buildSettings = {
				CLANG_ENABLE_MODULES = YES;
				CODE_SIGN_STYLE = Automatic;
				CURRENT_PROJECT_VERSION = 1;
				DEFINES_MODULE = YES;
				DEVELOPMENT_TEAM = A4UTK9SZQT;
				DYLIB_COMPATIBILITY_VERSION = 1;
				DYLIB_CURRENT_VERSION = 1;
				DYLIB_INSTALL_NAME_BASE = "@rpath";
				INFOPLIST_FILE = CommonUIKit/SupportFiles/Info.plist;
				INSTALL_PATH = "$(LOCAL_LIBRARY_DIR)/Frameworks";
				IPHONEOS_DEPLOYMENT_TARGET = 12.0;
				LD_RUNPATH_SEARCH_PATHS = (
					"$(inherited)",
					"@executable_path/Frameworks",
					"@loader_path/Frameworks",
				);
				PRODUCT_BUNDLE_IDENTIFIER = es.rafaelbartolome.CommonUIKit;
				PRODUCT_NAME = "$(TARGET_NAME:c99extidentifier)";
				SKIP_INSTALL = YES;
				SWIFT_VERSION = 5.0;
				TARGETED_DEVICE_FAMILY = "1,2";
				VERSIONING_SYSTEM = "apple-generic";
				VERSION_INFO_PREFIX = "";
			};
			name = Release;
		};
		24C13A3A2426824800AF4B68 /* Debug */ = {
			isa = XCBuildConfiguration;
			buildSettings = {
				ALWAYS_EMBED_SWIFT_STANDARD_LIBRARIES = YES;
				CODE_SIGN_STYLE = Automatic;
				DEVELOPMENT_TEAM = A4UTK9SZQT;
				INFOPLIST_FILE = CommonUIKitTests/Info.plist;
				IPHONEOS_DEPLOYMENT_TARGET = 13.2;
				LD_RUNPATH_SEARCH_PATHS = (
					"$(inherited)",
					"@executable_path/Frameworks",
					"@loader_path/Frameworks",
				);
				PRODUCT_BUNDLE_IDENTIFIER = es.rafaelbartolome.CommonUIKitTests;
				PRODUCT_NAME = "$(TARGET_NAME)";
				SWIFT_VERSION = 5.0;
				TARGETED_DEVICE_FAMILY = "1,2";
				TEST_HOST = "$(BUILT_PRODUCTS_DIR)/excelsior.app/excelsior";
			};
			name = Debug;
		};
		24C13A3B2426824800AF4B68 /* Release */ = {
			isa = XCBuildConfiguration;
			buildSettings = {
				ALWAYS_EMBED_SWIFT_STANDARD_LIBRARIES = YES;
				CODE_SIGN_STYLE = Automatic;
				DEVELOPMENT_TEAM = A4UTK9SZQT;
				INFOPLIST_FILE = CommonUIKitTests/Info.plist;
				IPHONEOS_DEPLOYMENT_TARGET = 13.2;
				LD_RUNPATH_SEARCH_PATHS = (
					"$(inherited)",
					"@executable_path/Frameworks",
					"@loader_path/Frameworks",
				);
				PRODUCT_BUNDLE_IDENTIFIER = es.rafaelbartolome.CommonUIKitTests;
				PRODUCT_NAME = "$(TARGET_NAME)";
				SWIFT_VERSION = 5.0;
				TARGETED_DEVICE_FAMILY = "1,2";
				TEST_HOST = "$(BUILT_PRODUCTS_DIR)/excelsior.app/excelsior";
			};
			name = Release;
		};
		24C13A5624268E8F00AF4B68 /* Debug */ = {
			isa = XCBuildConfiguration;
			buildSettings = {
				CLANG_ENABLE_MODULES = YES;
				CODE_SIGN_STYLE = Automatic;
				CURRENT_PROJECT_VERSION = 1;
				DEFINES_MODULE = YES;
				DEVELOPMENT_TEAM = A4UTK9SZQT;
				DYLIB_COMPATIBILITY_VERSION = 1;
				DYLIB_CURRENT_VERSION = 1;
				DYLIB_INSTALL_NAME_BASE = "@rpath";
				INFOPLIST_FILE = DataProviders/SupportFiles/Info.plist;
				INSTALL_PATH = "$(LOCAL_LIBRARY_DIR)/Frameworks";
				IPHONEOS_DEPLOYMENT_TARGET = 12.0;
				LD_RUNPATH_SEARCH_PATHS = (
					"$(inherited)",
					"@executable_path/Frameworks",
					"@loader_path/Frameworks",
				);
				PRODUCT_BUNDLE_IDENTIFIER = es.rafaelbartolome.Models;
				PRODUCT_NAME = "$(TARGET_NAME:c99extidentifier)";
				SKIP_INSTALL = YES;
				SWIFT_OPTIMIZATION_LEVEL = "-Onone";
				SWIFT_VERSION = 5.0;
				TARGETED_DEVICE_FAMILY = "1,2";
				VERSIONING_SYSTEM = "apple-generic";
				VERSION_INFO_PREFIX = "";
			};
			name = Debug;
		};
		24C13A5724268E8F00AF4B68 /* Release */ = {
			isa = XCBuildConfiguration;
			buildSettings = {
				CLANG_ENABLE_MODULES = YES;
				CODE_SIGN_STYLE = Automatic;
				CURRENT_PROJECT_VERSION = 1;
				DEFINES_MODULE = YES;
				DEVELOPMENT_TEAM = A4UTK9SZQT;
				DYLIB_COMPATIBILITY_VERSION = 1;
				DYLIB_CURRENT_VERSION = 1;
				DYLIB_INSTALL_NAME_BASE = "@rpath";
				INFOPLIST_FILE = DataProviders/SupportFiles/Info.plist;
				INSTALL_PATH = "$(LOCAL_LIBRARY_DIR)/Frameworks";
				IPHONEOS_DEPLOYMENT_TARGET = 12.0;
				LD_RUNPATH_SEARCH_PATHS = (
					"$(inherited)",
					"@executable_path/Frameworks",
					"@loader_path/Frameworks",
				);
				PRODUCT_BUNDLE_IDENTIFIER = es.rafaelbartolome.Models;
				PRODUCT_NAME = "$(TARGET_NAME:c99extidentifier)";
				SKIP_INSTALL = YES;
				SWIFT_VERSION = 5.0;
				TARGETED_DEVICE_FAMILY = "1,2";
				VERSIONING_SYSTEM = "apple-generic";
				VERSION_INFO_PREFIX = "";
			};
			name = Release;
		};
		24C13A8D2426BFE100AF4B68 /* Debug */ = {
			isa = XCBuildConfiguration;
			buildSettings = {
				CODE_SIGN_STYLE = Automatic;
				CURRENT_PROJECT_VERSION = 1;
				DEFINES_MODULE = YES;
				DEVELOPMENT_TEAM = A4UTK9SZQT;
				DYLIB_COMPATIBILITY_VERSION = 1;
				DYLIB_CURRENT_VERSION = 1;
				DYLIB_INSTALL_NAME_BASE = "@rpath";
				INFOPLIST_FILE = ToolsKit/SupportFiles/Info.plist;
				INSTALL_PATH = "$(LOCAL_LIBRARY_DIR)/Frameworks";
				IPHONEOS_DEPLOYMENT_TARGET = 12.0;
				LD_RUNPATH_SEARCH_PATHS = (
					"$(inherited)",
					"@executable_path/Frameworks",
					"@loader_path/Frameworks",
				);
				PRODUCT_BUNDLE_IDENTIFIER = es.rafaelbartolome.ToolsKit;
				PRODUCT_NAME = "$(TARGET_NAME:c99extidentifier)";
				SKIP_INSTALL = YES;
				SWIFT_VERSION = 5.0;
				TARGETED_DEVICE_FAMILY = "1,2";
				VERSIONING_SYSTEM = "apple-generic";
				VERSION_INFO_PREFIX = "";
			};
			name = Debug;
		};
		24C13A8E2426BFE100AF4B68 /* Release */ = {
			isa = XCBuildConfiguration;
			buildSettings = {
				CODE_SIGN_STYLE = Automatic;
				CURRENT_PROJECT_VERSION = 1;
				DEFINES_MODULE = YES;
				DEVELOPMENT_TEAM = A4UTK9SZQT;
				DYLIB_COMPATIBILITY_VERSION = 1;
				DYLIB_CURRENT_VERSION = 1;
				DYLIB_INSTALL_NAME_BASE = "@rpath";
				INFOPLIST_FILE = ToolsKit/SupportFiles/Info.plist;
				INSTALL_PATH = "$(LOCAL_LIBRARY_DIR)/Frameworks";
				IPHONEOS_DEPLOYMENT_TARGET = 12.0;
				LD_RUNPATH_SEARCH_PATHS = (
					"$(inherited)",
					"@executable_path/Frameworks",
					"@loader_path/Frameworks",
				);
				PRODUCT_BUNDLE_IDENTIFIER = es.rafaelbartolome.ToolsKit;
				PRODUCT_NAME = "$(TARGET_NAME:c99extidentifier)";
				SKIP_INSTALL = YES;
				SWIFT_VERSION = 5.0;
				TARGETED_DEVICE_FAMILY = "1,2";
				VERSIONING_SYSTEM = "apple-generic";
				VERSION_INFO_PREFIX = "";
			};
			name = Release;
		};
/* End XCBuildConfiguration section */

/* Begin XCConfigurationList section */
		2483C826242605F20069B067 /* Build configuration list for PBXProject "excelsior" */ = {
			isa = XCConfigurationList;
			buildConfigurations = (
				2483C853242605F40069B067 /* Debug */,
				2483C854242605F40069B067 /* Release */,
			);
			defaultConfigurationIsVisible = 0;
			defaultConfigurationName = Release;
		};
		2483C855242605F40069B067 /* Build configuration list for PBXNativeTarget "excelsior" */ = {
			isa = XCConfigurationList;
			buildConfigurations = (
				2483C856242605F40069B067 /* Debug */,
				2483C857242605F40069B067 /* Release */,
			);
			defaultConfigurationIsVisible = 0;
			defaultConfigurationName = Release;
		};
		2483C85B242605F40069B067 /* Build configuration list for PBXNativeTarget "excelsiorUITests" */ = {
			isa = XCConfigurationList;
			buildConfigurations = (
				2483C85C242605F40069B067 /* Debug */,
				2483C85D242605F40069B067 /* Release */,
			);
			defaultConfigurationIsVisible = 0;
			defaultConfigurationName = Release;
		};
		2483C87A2426080D0069B067 /* Build configuration list for PBXNativeTarget "AppCoreKit" */ = {
			isa = XCConfigurationList;
			buildConfigurations = (
				2483C87B2426080D0069B067 /* Debug */,
				2483C87C2426080D0069B067 /* Release */,
			);
			defaultConfigurationIsVisible = 0;
			defaultConfigurationName = Release;
		};
		2483C87E2426080D0069B067 /* Build configuration list for PBXNativeTarget "AppCoreKitTests" */ = {
			isa = XCConfigurationList;
			buildConfigurations = (
				2483C87F2426080D0069B067 /* Debug */,
				2483C8802426080D0069B067 /* Release */,
			);
			defaultConfigurationIsVisible = 0;
			defaultConfigurationName = Release;
		};
		24C139C52426370D00AF4B68 /* Build configuration list for PBXNativeTarget "CharactersListKit" */ = {
			isa = XCConfigurationList;
			buildConfigurations = (
				24C139C62426370D00AF4B68 /* Debug */,
				24C139C72426370D00AF4B68 /* Release */,
			);
			defaultConfigurationIsVisible = 0;
			defaultConfigurationName = Release;
		};
		24C139C82426370D00AF4B68 /* Build configuration list for PBXNativeTarget "CharactersListKitTests" */ = {
			isa = XCConfigurationList;
			buildConfigurations = (
				24C139C92426370D00AF4B68 /* Debug */,
				24C139CA2426370D00AF4B68 /* Release */,
			);
			defaultConfigurationIsVisible = 0;
			defaultConfigurationName = Release;
		};
		24C139EE242660F800AF4B68 /* Build configuration list for PBXNativeTarget "NavigatorKit" */ = {
			isa = XCConfigurationList;
			buildConfigurations = (
				24C139EF242660F800AF4B68 /* Debug */,
				24C139F0242660F800AF4B68 /* Release */,
			);
			defaultConfigurationIsVisible = 0;
			defaultConfigurationName = Release;
		};
		24C139F1242660F800AF4B68 /* Build configuration list for PBXNativeTarget "NavigatorKitTests" */ = {
			isa = XCConfigurationList;
			buildConfigurations = (
				24C139F2242660F800AF4B68 /* Debug */,
				24C139F3242660F800AF4B68 /* Release */,
			);
			defaultConfigurationIsVisible = 0;
			defaultConfigurationName = Release;
		};
		24C13A362426824800AF4B68 /* Build configuration list for PBXNativeTarget "CommonUIKit" */ = {
			isa = XCConfigurationList;
			buildConfigurations = (
				24C13A372426824800AF4B68 /* Debug */,
				24C13A382426824800AF4B68 /* Release */,
			);
			defaultConfigurationIsVisible = 0;
			defaultConfigurationName = Release;
		};
		24C13A392426824800AF4B68 /* Build configuration list for PBXNativeTarget "CommonUIKitTests" */ = {
			isa = XCConfigurationList;
			buildConfigurations = (
				24C13A3A2426824800AF4B68 /* Debug */,
				24C13A3B2426824800AF4B68 /* Release */,
			);
			defaultConfigurationIsVisible = 0;
			defaultConfigurationName = Release;
		};
		24C13A5524268E8F00AF4B68 /* Build configuration list for PBXNativeTarget "DataProviders" */ = {
			isa = XCConfigurationList;
			buildConfigurations = (
				24C13A5624268E8F00AF4B68 /* Debug */,
				24C13A5724268E8F00AF4B68 /* Release */,
			);
			defaultConfigurationIsVisible = 0;
			defaultConfigurationName = Release;
		};
		24C13A8C2426BFE100AF4B68 /* Build configuration list for PBXNativeTarget "ToolsKit" */ = {
			isa = XCConfigurationList;
			buildConfigurations = (
				24C13A8D2426BFE100AF4B68 /* Debug */,
				24C13A8E2426BFE100AF4B68 /* Release */,
			);
			defaultConfigurationIsVisible = 0;
			defaultConfigurationName = Release;
		};
/* End XCConfigurationList section */
	};
	rootObject = 2483C823242605F20069B067 /* Project object */;
}
